Microsoft Visual Studio Solution File, Format Version 8.00
Project("{8BC9CEB8-8B4A-11D0-8D11-00A0C91BC942}") = "gRender", "3dlib\gRenderDX9\gRenderDX9.vcproj", "{EC5CB78C-8886-458D-A1BB-9BAC67F58E49}"
	ProjectSection(ProjectDependencies) = postProject
	EndProjectSection
EndProject
Project("{8BC9CEB8-8B4A-11D0-8D11-00A0C91BC942}") = "kangaroo", "3dlib\kangaroo\Kangaroo.vcproj", "{0A91D231-279B-4AD3-8E28-6439791D52B9}"
	ProjectSection(ProjectDependencies) = postProject
	EndProjectSection
EndProject
Project("{8BC9CEB8-8B4A-11D0-8D11-00A0C91BC942}") = "ClassEngine", "ClassEngine\ClassEngine.vcproj", "{DD9E2B2C-58BF-49FE-A539-BCF16BB67B30}"
	ProjectSection(ProjectDependencies) = postProject
	EndProjectSection
EndProject
Project("{8BC9CEB8-8B4A-11D0-8D11-00A0C91BC942}") = "gMotor", "3dlib\gMotor\gMotor.vcproj", "{7DE0E239-E541-497A-A43D-402CB677B37A}"
	ProjectSection(ProjectDependencies) = postProject
	EndProjectSection
EndProject
Project("{8BC9CEB8-8B4A-11D0-8D11-00A0C91BC942}") = "cossacks2", "COSSACKS2\cossacks2.vcproj", "{60D954A2-8B83-46E3-9BCF-B614117E2F7D}"
	ProjectSection(ProjectDependencies) = postProject
	EndProjectSection
EndProject
Project("{8BC9CEB8-8B4A-11D0-8D11-00A0C91BC942}") = "gPhysics", "3dlib\gPhysics\gPhysics.vcproj", "{299B164A-2EF8-43FD-94AE-F74AAA62A3B2}"
	ProjectSection(ProjectDependencies) = postProject
	EndProjectSection
EndProject
Project("{8BC9CEB8-8B4A-11D0-8D11-00A0C91BC942}") = "DipServer", "DipServer\DipServer.vcproj", "{A431504D-AC75-4DD4-BAD0-4C754F19C7DF}"
	ProjectSection(ProjectDependencies) = postProject
	EndProjectSection
EndProject
Project("{8BC9CEB8-8B4A-11D0-8D11-00A0C91BC942}") = "IntExplorer", "IntExplorer\IntExplorer.vcproj", "{4FDABBCF-F95C-45E4-A860-99969316F319}"
	ProjectSection(ProjectDependencies) = postProject
	EndProjectSection
EndProject
Project("{8BC9CEB8-8B4A-11D0-8D11-00A0C91BC942}") = "IChat", "IChat\IChat.vcproj", "{234939FB-CDCA-4C95-BEC4-D6B98DC4E24A}"
	ProjectSection(ProjectDependencies) = postProject
	EndProjectSection
EndProject
Project("{8BC9CEB8-8B4A-11D0-8D11-00A0C91BC942}") = "MissionEngine", "MissionEngine\MissionEngine.vcproj", "{00E442FD-AD7F-4341-9114-70888528F53F}"
	ProjectSection(ProjectDependencies) = postProject
	EndProjectSection
EndProject
Project("{8BC9CEB8-8B4A-11D0-8D11-00A0C91BC942}") = "LF_Server", "LF_Server\LF_Server.vcproj", "{6462D7B5-AFAD-4EFC-8E12-F28F4C9301B1}"
	ProjectSection(ProjectDependencies) = postProject
	EndProjectSection
EndProject
Project("{8BC9CEB8-8B4A-11D0-8D11-00A0C91BC942}") = "VAI", "Plugins\VAI\VAI.vcproj", "{84FAD02B-1578-4151-8712-CC34C80A045D}"
	ProjectSection(ProjectDependencies) = postProject
	EndProjectSection
EndProject
Project("{8BC9CEB8-8B4A-11D0-8D11-00A0C91BC942}") = "BattleEditor", "Plugins\BattleEditor\BattleEditor.vcproj", "{DCCFEBA8-32F5-4B9C-1239-C149EA56746F}"
	ProjectSection(ProjectDependencies) = postProject
	EndProjectSection
EndProject
Global
	GlobalSection(SolutionConfiguration) = preSolution
		CarcassD = CarcassD
		Debug = Debug
		Debug_CII = Debug_CII
		Debug9 = Debug9
		DebugMtd = DebugMtd
		DemoRelease = DemoRelease
		FastDebug = FastDebug
		FastDebug CheckSync = FastDebug CheckSync
		FastDebug_CheckSync = FastDebug_CheckSync
		Intel = Intel
		Profile = Profile
		Release = Release
		Release3D_fastDebug = Release3D_fastDebug
		Release9 = Release9
		RemoteDebug = RemoteDebug
		RemoteDebugger = RemoteDebugger
	EndGlobalSection
	GlobalSection(ProjectConfiguration) = postSolution
		{EC5CB78C-8886-458D-A1BB-9BAC67F58E49}.CarcassD.ActiveCfg = Release|Win32
		{EC5CB78C-8886-458D-A1BB-9BAC67F58E49}.CarcassD.Build.0 = Release|Win32
		{EC5CB78C-8886-458D-A1BB-9BAC67F58E49}.Debug.ActiveCfg = Debug|Win32
		{EC5CB78C-8886-458D-A1BB-9BAC67F58E49}.Debug.Build.0 = Debug|Win32
		{EC5CB78C-8886-458D-A1BB-9BAC67F58E49}.Debug_CII.ActiveCfg = Debug|Win32
		{EC5CB78C-8886-458D-A1BB-9BAC67F58E49}.Debug_CII.Build.0 = Debug|Win32
		{EC5CB78C-8886-458D-A1BB-9BAC67F58E49}.Debug9.ActiveCfg = Debug|Win32
		{EC5CB78C-8886-458D-A1BB-9BAC67F58E49}.Debug9.Build.0 = Debug|Win32
		{EC5CB78C-8886-458D-A1BB-9BAC67F58E49}.DebugMtd.ActiveCfg = Debug|Win32
		{EC5CB78C-8886-458D-A1BB-9BAC67F58E49}.DebugMtd.Build.0 = Debug|Win32
		{EC5CB78C-8886-458D-A1BB-9BAC67F58E49}.DemoRelease.ActiveCfg = Release|Win32
		{EC5CB78C-8886-458D-A1BB-9BAC67F58E49}.DemoRelease.Build.0 = Release|Win32
		{EC5CB78C-8886-458D-A1BB-9BAC67F58E49}.FastDebug.ActiveCfg = Release|Win32
		{EC5CB78C-8886-458D-A1BB-9BAC67F58E49}.FastDebug.Build.0 = Release|Win32
		{EC5CB78C-8886-458D-A1BB-9BAC67F58E49}.FastDebug CheckSync.ActiveCfg = Debug|Win32
		{EC5CB78C-8886-458D-A1BB-9BAC67F58E49}.FastDebug CheckSync.Build.0 = Debug|Win32
		{EC5CB78C-8886-458D-A1BB-9BAC67F58E49}.FastDebug_CheckSync.ActiveCfg = Debug|Win32
		{EC5CB78C-8886-458D-A1BB-9BAC67F58E49}.FastDebug_CheckSync.Build.0 = Debug|Win32
		{EC5CB78C-8886-458D-A1BB-9BAC67F58E49}.Intel.ActiveCfg = Release|Win32
		{EC5CB78C-8886-458D-A1BB-9BAC67F58E49}.Intel.Build.0 = Release|Win32
		{EC5CB78C-8886-458D-A1BB-9BAC67F58E49}.Profile.ActiveCfg = Release|Win32
		{EC5CB78C-8886-458D-A1BB-9BAC67F58E49}.Profile.Build.0 = Release|Win32
		{EC5CB78C-8886-458D-A1BB-9BAC67F58E49}.Release.ActiveCfg = Release|Win32
		{EC5CB78C-8886-458D-A1BB-9BAC67F58E49}.Release.Build.0 = Release|Win32
		{EC5CB78C-8886-458D-A1BB-9BAC67F58E49}.Release3D_fastDebug.ActiveCfg = Release|Win32
		{EC5CB78C-8886-458D-A1BB-9BAC67F58E49}.Release3D_fastDebug.Build.0 = Release|Win32
		{EC5CB78C-8886-458D-A1BB-9BAC67F58E49}.Release9.ActiveCfg = Release|Win32
		{EC5CB78C-8886-458D-A1BB-9BAC67F58E49}.Release9.Build.0 = Release|Win32
		{EC5CB78C-8886-458D-A1BB-9BAC67F58E49}.RemoteDebug.ActiveCfg = Debug|Win32
		{EC5CB78C-8886-458D-A1BB-9BAC67F58E49}.RemoteDebug.Build.0 = Debug|Win32
		{EC5CB78C-8886-458D-A1BB-9BAC67F58E49}.RemoteDebugger.ActiveCfg = Debug|Win32
		{EC5CB78C-8886-458D-A1BB-9BAC67F58E49}.RemoteDebugger.Build.0 = Debug|Win32
		{0A91D231-279B-4AD3-8E28-6439791D52B9}.CarcassD.ActiveCfg = Release|Win32
		{0A91D231-279B-4AD3-8E28-6439791D52B9}.CarcassD.Build.0 = Release|Win32
		{0A91D231-279B-4AD3-8E28-6439791D52B9}.Debug.ActiveCfg = Debug|Win32
		{0A91D231-279B-4AD3-8E28-6439791D52B9}.Debug.Build.0 = Debug|Win32
		{0A91D231-279B-4AD3-8E28-6439791D52B9}.Debug_CII.ActiveCfg = Debug|Win32
		{0A91D231-279B-4AD3-8E28-6439791D52B9}.Debug_CII.Build.0 = Debug|Win32
		{0A91D231-279B-4AD3-8E28-6439791D52B9}.Debug9.ActiveCfg = Debug|Win32
		{0A91D231-279B-4AD3-8E28-6439791D52B9}.Debug9.Build.0 = Debug|Win32
		{0A91D231-279B-4AD3-8E28-6439791D52B9}.DebugMtd.ActiveCfg = Debug|Win32
		{0A91D231-279B-4AD3-8E28-6439791D52B9}.DebugMtd.Build.0 = Debug|Win32
		{0A91D231-279B-4AD3-8E28-6439791D52B9}.DemoRelease.ActiveCfg = Release|Win32
		{0A91D231-279B-4AD3-8E28-6439791D52B9}.DemoRelease.Build.0 = Release|Win32
		{0A91D231-279B-4AD3-8E28-6439791D52B9}.FastDebug.ActiveCfg = Debug|Win32
		{0A91D231-279B-4AD3-8E28-6439791D52B9}.FastDebug.Build.0 = Debug|Win32
		{0A91D231-279B-4AD3-8E28-6439791D52B9}.FastDebug CheckSync.ActiveCfg = Debug|Win32
		{0A91D231-279B-4AD3-8E28-6439791D52B9}.FastDebug CheckSync.Build.0 = Debug|Win32
		{0A91D231-279B-4AD3-8E28-6439791D52B9}.FastDebug_CheckSync.ActiveCfg = Debug|Win32
		{0A91D231-279B-4AD3-8E28-6439791D52B9}.FastDebug_CheckSync.Build.0 = Debug|Win32
		{0A91D231-279B-4AD3-8E28-6439791D52B9}.Intel.ActiveCfg = Release|Win32
		{0A91D231-279B-4AD3-8E28-6439791D52B9}.Intel.Build.0 = Release|Win32
		{0A91D231-279B-4AD3-8E28-6439791D52B9}.Profile.ActiveCfg = Release|Win32
		{0A91D231-279B-4AD3-8E28-6439791D52B9}.Profile.Build.0 = Release|Win32
		{0A91D231-279B-4AD3-8E28-6439791D52B9}.Release.ActiveCfg = Release|Win32
		{0A91D231-279B-4AD3-8E28-6439791D52B9}.Release.Build.0 = Release|Win32
		{0A91D231-279B-4AD3-8E28-6439791D52B9}.Release3D_fastDebug.ActiveCfg = Release|Win32
		{0A91D231-279B-4AD3-8E28-6439791D52B9}.Release3D_fastDebug.Build.0 = Release|Win32
		{0A91D231-279B-4AD3-8E28-6439791D52B9}.Release9.ActiveCfg = Release|Win32
		{0A91D231-279B-4AD3-8E28-6439791D52B9}.Release9.Build.0 = Release|Win32
		{0A91D231-279B-4AD3-8E28-6439791D52B9}.RemoteDebug.ActiveCfg = Debug|Win32
		{0A91D231-279B-4AD3-8E28-6439791D52B9}.RemoteDebug.Build.0 = Debug|Win32
		{0A91D231-279B-4AD3-8E28-6439791D52B9}.RemoteDebugger.ActiveCfg = Debug|Win32
		{0A91D231-279B-4AD3-8E28-6439791D52B9}.RemoteDebugger.Build.0 = Debug|Win32
		{DD9E2B2C-58BF-49FE-A539-BCF16BB67B30}.CarcassD.ActiveCfg = DemoRelease|Win32
		{DD9E2B2C-58BF-49FE-A539-BCF16BB67B30}.CarcassD.Build.0 = DemoRelease|Win32
		{DD9E2B2C-58BF-49FE-A539-BCF16BB67B30}.Debug.ActiveCfg = Debug|Win32
		{DD9E2B2C-58BF-49FE-A539-BCF16BB67B30}.Debug.Build.0 = Debug|Win32
		{DD9E2B2C-58BF-49FE-A539-BCF16BB67B30}.Debug_CII.ActiveCfg = Debug|Win32
		{DD9E2B2C-58BF-49FE-A539-BCF16BB67B30}.Debug_CII.Build.0 = Debug|Win32
		{DD9E2B2C-58BF-49FE-A539-BCF16BB67B30}.Debug9.ActiveCfg = Debug|Win32
		{DD9E2B2C-58BF-49FE-A539-BCF16BB67B30}.Debug9.Build.0 = Debug|Win32
		{DD9E2B2C-58BF-49FE-A539-BCF16BB67B30}.DebugMtd.ActiveCfg = Debug|Win32
		{DD9E2B2C-58BF-49FE-A539-BCF16BB67B30}.DebugMtd.Build.0 = Debug|Win32
		{DD9E2B2C-58BF-49FE-A539-BCF16BB67B30}.DemoRelease.ActiveCfg = DemoRelease|Win32
		{DD9E2B2C-58BF-49FE-A539-BCF16BB67B30}.DemoRelease.Build.0 = DemoRelease|Win32
		{DD9E2B2C-58BF-49FE-A539-BCF16BB67B30}.FastDebug.ActiveCfg = Debug|Win32
		{DD9E2B2C-58BF-49FE-A539-BCF16BB67B30}.FastDebug.Build.0 = Debug|Win32
		{DD9E2B2C-58BF-49FE-A539-BCF16BB67B30}.FastDebug CheckSync.ActiveCfg = Debug|Win32
		{DD9E2B2C-58BF-49FE-A539-BCF16BB67B30}.FastDebug CheckSync.Build.0 = Debug|Win32
		{DD9E2B2C-58BF-49FE-A539-BCF16BB67B30}.FastDebug_CheckSync.ActiveCfg = Debug|Win32
		{DD9E2B2C-58BF-49FE-A539-BCF16BB67B30}.FastDebug_CheckSync.Build.0 = Debug|Win32
		{DD9E2B2C-58BF-49FE-A539-BCF16BB67B30}.Intel.ActiveCfg = DemoRelease|Win32
		{DD9E2B2C-58BF-49FE-A539-BCF16BB67B30}.Intel.Build.0 = DemoRelease|Win32
		{DD9E2B2C-58BF-49FE-A539-BCF16BB67B30}.Profile.ActiveCfg = DemoRelease|Win32
		{DD9E2B2C-58BF-49FE-A539-BCF16BB67B30}.Profile.Build.0 = DemoRelease|Win32
		{DD9E2B2C-58BF-49FE-A539-BCF16BB67B30}.Release.ActiveCfg = Release|Win32
		{DD9E2B2C-58BF-49FE-A539-BCF16BB67B30}.Release.Build.0 = Release|Win32
		{DD9E2B2C-58BF-49FE-A539-BCF16BB67B30}.Release3D_fastDebug.ActiveCfg = Release|Win32
		{DD9E2B2C-58BF-49FE-A539-BCF16BB67B30}.Release3D_fastDebug.Build.0 = Release|Win32
		{DD9E2B2C-58BF-49FE-A539-BCF16BB67B30}.Release9.ActiveCfg = Release|Win32
		{DD9E2B2C-58BF-49FE-A539-BCF16BB67B30}.Release9.Build.0 = Release|Win32
		{DD9E2B2C-58BF-49FE-A539-BCF16BB67B30}.RemoteDebug.ActiveCfg = Debug|Win32
		{DD9E2B2C-58BF-49FE-A539-BCF16BB67B30}.RemoteDebug.Build.0 = Debug|Win32
		{DD9E2B2C-58BF-49FE-A539-BCF16BB67B30}.RemoteDebugger.ActiveCfg = Debug|Win32
		{DD9E2B2C-58BF-49FE-A539-BCF16BB67B30}.RemoteDebugger.Build.0 = Debug|Win32
		{7DE0E239-E541-497A-A43D-402CB677B37A}.CarcassD.ActiveCfg = Release|Win32
		{7DE0E239-E541-497A-A43D-402CB677B37A}.CarcassD.Build.0 = Release|Win32
		{7DE0E239-E541-497A-A43D-402CB677B37A}.Debug.ActiveCfg = Debug|Win32
		{7DE0E239-E541-497A-A43D-402CB677B37A}.Debug.Build.0 = Debug|Win32
		{7DE0E239-E541-497A-A43D-402CB677B37A}.Debug_CII.ActiveCfg = Debug|Win32
		{7DE0E239-E541-497A-A43D-402CB677B37A}.Debug_CII.Build.0 = Debug|Win32
		{7DE0E239-E541-497A-A43D-402CB677B37A}.Debug9.ActiveCfg = Debug|Win32
		{7DE0E239-E541-497A-A43D-402CB677B37A}.Debug9.Build.0 = Debug|Win32
		{7DE0E239-E541-497A-A43D-402CB677B37A}.DebugMtd.ActiveCfg = Debug|Win32
		{7DE0E239-E541-497A-A43D-402CB677B37A}.DebugMtd.Build.0 = Debug|Win32
		{7DE0E239-E541-497A-A43D-402CB677B37A}.DemoRelease.ActiveCfg = Release|Win32
		{7DE0E239-E541-497A-A43D-402CB677B37A}.DemoRelease.Build.0 = Release|Win32
		{7DE0E239-E541-497A-A43D-402CB677B37A}.FastDebug.ActiveCfg = Release|Win32
		{7DE0E239-E541-497A-A43D-402CB677B37A}.FastDebug.Build.0 = Release|Win32
		{7DE0E239-E541-497A-A43D-402CB677B37A}.FastDebug CheckSync.ActiveCfg = Debug|Win32
		{7DE0E239-E541-497A-A43D-402CB677B37A}.FastDebug CheckSync.Build.0 = Debug|Win32
		{7DE0E239-E541-497A-A43D-402CB677B37A}.FastDebug_CheckSync.ActiveCfg = Debug|Win32
		{7DE0E239-E541-497A-A43D-402CB677B37A}.FastDebug_CheckSync.Build.0 = Debug|Win32
		{7DE0E239-E541-497A-A43D-402CB677B37A}.Intel.ActiveCfg = Release|Win32
		{7DE0E239-E541-497A-A43D-402CB677B37A}.Intel.Build.0 = Release|Win32
		{7DE0E239-E541-497A-A43D-402CB677B37A}.Profile.ActiveCfg = Release|Win32
		{7DE0E239-E541-497A-A43D-402CB677B37A}.Profile.Build.0 = Release|Win32
		{7DE0E239-E541-497A-A43D-402CB677B37A}.Release.ActiveCfg = Release|Win32
		{7DE0E239-E541-497A-A43D-402CB677B37A}.Release.Build.0 = Release|Win32
		{7DE0E239-E541-497A-A43D-402CB677B37A}.Release3D_fastDebug.ActiveCfg = Release|Win32
		{7DE0E239-E541-497A-A43D-402CB677B37A}.Release3D_fastDebug.Build.0 = Release|Win32
		{7DE0E239-E541-497A-A43D-402CB677B37A}.Release9.ActiveCfg = Release|Win32
		{7DE0E239-E541-497A-A43D-402CB677B37A}.Release9.Build.0 = Release|Win32
		{7DE0E239-E541-497A-A43D-402CB677B37A}.RemoteDebug.ActiveCfg = Debug|Win32
		{7DE0E239-E541-497A-A43D-402CB677B37A}.RemoteDebug.Build.0 = Debug|Win32
		{7DE0E239-E541-497A-A43D-402CB677B37A}.RemoteDebugger.ActiveCfg = Debug|Win32
		{7DE0E239-E541-497A-A43D-402CB677B37A}.RemoteDebugger.Build.0 = Debug|Win32
		{60D954A2-8B83-46E3-9BCF-B614117E2F7D}.CarcassD.ActiveCfg = FastDebug CheckSync|Win32
		{60D954A2-8B83-46E3-9BCF-B614117E2F7D}.CarcassD.Build.0 = FastDebug CheckSync|Win32
		{60D954A2-8B83-46E3-9BCF-B614117E2F7D}.Debug.ActiveCfg = Debug|Win32
		{60D954A2-8B83-46E3-9BCF-B614117E2F7D}.Debug.Build.0 = Debug|Win32
		{60D954A2-8B83-46E3-9BCF-B614117E2F7D}.Debug_CII.ActiveCfg = Debug|Win32
		{60D954A2-8B83-46E3-9BCF-B614117E2F7D}.Debug_CII.Build.0 = Debug|Win32
		{60D954A2-8B83-46E3-9BCF-B614117E2F7D}.Debug9.ActiveCfg = Debug|Win32
		{60D954A2-8B83-46E3-9BCF-B614117E2F7D}.Debug9.Build.0 = Debug|Win32
		{60D954A2-8B83-46E3-9BCF-B614117E2F7D}.DebugMtd.ActiveCfg = Debug|Win32
		{60D954A2-8B83-46E3-9BCF-B614117E2F7D}.DebugMtd.Build.0 = Debug|Win32
		{60D954A2-8B83-46E3-9BCF-B614117E2F7D}.DemoRelease.ActiveCfg = DemoRelease|Win32
		{60D954A2-8B83-46E3-9BCF-B614117E2F7D}.DemoRelease.Build.0 = DemoRelease|Win32
		{60D954A2-8B83-46E3-9BCF-B614117E2F7D}.FastDebug.ActiveCfg = FastDebug|Win32
		{60D954A2-8B83-46E3-9BCF-B614117E2F7D}.FastDebug.Build.0 = FastDebug|Win32
		{60D954A2-8B83-46E3-9BCF-B614117E2F7D}.FastDebug CheckSync.ActiveCfg = FastDebug CheckSync|Win32
		{60D954A2-8B83-46E3-9BCF-B614117E2F7D}.FastDebug CheckSync.Build.0 = FastDebug CheckSync|Win32
		{60D954A2-8B83-46E3-9BCF-B614117E2F7D}.FastDebug_CheckSync.ActiveCfg = FastDebug_CheckSync|Win32
		{60D954A2-8B83-46E3-9BCF-B614117E2F7D}.FastDebug_CheckSync.Build.0 = FastDebug_CheckSync|Win32
		{60D954A2-8B83-46E3-9BCF-B614117E2F7D}.Intel.ActiveCfg = FastDebug CheckSync|Win32
		{60D954A2-8B83-46E3-9BCF-B614117E2F7D}.Intel.Build.0 = FastDebug CheckSync|Win32
		{60D954A2-8B83-46E3-9BCF-B614117E2F7D}.Profile.ActiveCfg = FastDebug CheckSync|Win32
		{60D954A2-8B83-46E3-9BCF-B614117E2F7D}.Profile.Build.0 = FastDebug CheckSync|Win32
		{60D954A2-8B83-46E3-9BCF-B614117E2F7D}.Release.ActiveCfg = Release|Win32
		{60D954A2-8B83-46E3-9BCF-B614117E2F7D}.Release.Build.0 = Release|Win32
		{60D954A2-8B83-46E3-9BCF-B614117E2F7D}.Release3D_fastDebug.ActiveCfg = Release|Win32
		{60D954A2-8B83-46E3-9BCF-B614117E2F7D}.Release3D_fastDebug.Build.0 = Release|Win32
		{60D954A2-8B83-46E3-9BCF-B614117E2F7D}.Release9.ActiveCfg = Release|Win32
		{60D954A2-8B83-46E3-9BCF-B614117E2F7D}.Release9.Build.0 = Release|Win32
		{60D954A2-8B83-46E3-9BCF-B614117E2F7D}.RemoteDebug.ActiveCfg = RemoteDebug|Win32
		{60D954A2-8B83-46E3-9BCF-B614117E2F7D}.RemoteDebug.Build.0 = RemoteDebug|Win32
		{60D954A2-8B83-46E3-9BCF-B614117E2F7D}.RemoteDebugger.ActiveCfg = RemoteDebug|Win32
		{60D954A2-8B83-46E3-9BCF-B614117E2F7D}.RemoteDebugger.Build.0 = RemoteDebug|Win32
		{299B164A-2EF8-43FD-94AE-F74AAA62A3B2}.CarcassD.ActiveCfg = Release|Win32
		{299B164A-2EF8-43FD-94AE-F74AAA62A3B2}.CarcassD.Build.0 = Release|Win32
		{299B164A-2EF8-43FD-94AE-F74AAA62A3B2}.Debug.ActiveCfg = Debug|Win32
		{299B164A-2EF8-43FD-94AE-F74AAA62A3B2}.Debug.Build.0 = Debug|Win32
		{299B164A-2EF8-43FD-94AE-F74AAA62A3B2}.Debug_CII.ActiveCfg = Debug|Win32
		{299B164A-2EF8-43FD-94AE-F74AAA62A3B2}.Debug_CII.Build.0 = Debug|Win32
		{299B164A-2EF8-43FD-94AE-F74AAA62A3B2}.Debug9.ActiveCfg = Debug|Win32
		{299B164A-2EF8-43FD-94AE-F74AAA62A3B2}.Debug9.Build.0 = Debug|Win32
		{299B164A-2EF8-43FD-94AE-F74AAA62A3B2}.DebugMtd.ActiveCfg = Debug|Win32
		{299B164A-2EF8-43FD-94AE-F74AAA62A3B2}.DebugMtd.Build.0 = Debug|Win32
		{299B164A-2EF8-43FD-94AE-F74AAA62A3B2}.DemoRelease.ActiveCfg = Release|Win32
		{299B164A-2EF8-43FD-94AE-F74AAA62A3B2}.DemoRelease.Build.0 = Release|Win32
		{299B164A-2EF8-43FD-94AE-F74AAA62A3B2}.FastDebug.ActiveCfg = Release|Win32
		{299B164A-2EF8-43FD-94AE-F74AAA62A3B2}.FastDebug.Build.0 = Release|Win32
		{299B164A-2EF8-43FD-94AE-F74AAA62A3B2}.FastDebug CheckSync.ActiveCfg = Debug|Win32
		{299B164A-2EF8-43FD-94AE-F74AAA62A3B2}.FastDebug CheckSync.Build.0 = Debug|Win32
		{299B164A-2EF8-43FD-94AE-F74AAA62A3B2}.FastDebug_CheckSync.ActiveCfg = Debug|Win32
		{299B164A-2EF8-43FD-94AE-F74AAA62A3B2}.FastDebug_CheckSync.Build.0 = Debug|Win32
		{299B164A-2EF8-43FD-94AE-F74AAA62A3B2}.Intel.ActiveCfg = Release|Win32
		{299B164A-2EF8-43FD-94AE-F74AAA62A3B2}.Intel.Build.0 = Release|Win32
		{299B164A-2EF8-43FD-94AE-F74AAA62A3B2}.Profile.ActiveCfg = Release|Win32
		{299B164A-2EF8-43FD-94AE-F74AAA62A3B2}.Profile.Build.0 = Release|Win32
		{299B164A-2EF8-43FD-94AE-F74AAA62A3B2}.Release.ActiveCfg = Release|Win32
		{299B164A-2EF8-43FD-94AE-F74AAA62A3B2}.Release.Build.0 = Release|Win32
		{299B164A-2EF8-43FD-94AE-F74AAA62A3B2}.Release3D_fastDebug.ActiveCfg = Release|Win32
		{299B164A-2EF8-43FD-94AE-F74AAA62A3B2}.Release3D_fastDebug.Build.0 = Release|Win32
		{299B164A-2EF8-43FD-94AE-F74AAA62A3B2}.Release9.ActiveCfg = Release|Win32
		{299B164A-2EF8-43FD-94AE-F74AAA62A3B2}.Release9.Build.0 = Release|Win32
		{299B164A-2EF8-43FD-94AE-F74AAA62A3B2}.RemoteDebug.ActiveCfg = Debug|Win32
		{299B164A-2EF8-43FD-94AE-F74AAA62A3B2}.RemoteDebug.Build.0 = Debug|Win32
		{299B164A-2EF8-43FD-94AE-F74AAA62A3B2}.RemoteDebugger.ActiveCfg = Debug|Win32
		{299B164A-2EF8-43FD-94AE-F74AAA62A3B2}.RemoteDebugger.Build.0 = Debug|Win32
		{A431504D-AC75-4DD4-BAD0-4C754F19C7DF}.CarcassD.ActiveCfg = DemoRelease|Win32
		{A431504D-AC75-4DD4-BAD0-4C754F19C7DF}.CarcassD.Build.0 = DemoRelease|Win32
		{A431504D-AC75-4DD4-BAD0-4C754F19C7DF}.Debug.ActiveCfg = Debug|Win32
		{A431504D-AC75-4DD4-BAD0-4C754F19C7DF}.Debug.Build.0 = Debug|Win32
		{A431504D-AC75-4DD4-BAD0-4C754F19C7DF}.Debug_CII.ActiveCfg = Debug|Win32
		{A431504D-AC75-4DD4-BAD0-4C754F19C7DF}.Debug_CII.Build.0 = Debug|Win32
		{A431504D-AC75-4DD4-BAD0-4C754F19C7DF}.Debug9.ActiveCfg = Debug|Win32
		{A431504D-AC75-4DD4-BAD0-4C754F19C7DF}.Debug9.Build.0 = Debug|Win32
		{A431504D-AC75-4DD4-BAD0-4C754F19C7DF}.DebugMtd.ActiveCfg = Debug|Win32
		{A431504D-AC75-4DD4-BAD0-4C754F19C7DF}.DebugMtd.Build.0 = Debug|Win32
		{A431504D-AC75-4DD4-BAD0-4C754F19C7DF}.DemoRelease.ActiveCfg = DemoRelease|Win32
		{A431504D-AC75-4DD4-BAD0-4C754F19C7DF}.DemoRelease.Build.0 = DemoRelease|Win32
		{A431504D-AC75-4DD4-BAD0-4C754F19C7DF}.FastDebug.ActiveCfg = Debug|Win32
		{A431504D-AC75-4DD4-BAD0-4C754F19C7DF}.FastDebug.Build.0 = Debug|Win32
		{A431504D-AC75-4DD4-BAD0-4C754F19C7DF}.FastDebug CheckSync.ActiveCfg = Debug|Win32
		{A431504D-AC75-4DD4-BAD0-4C754F19C7DF}.FastDebug CheckSync.Build.0 = Debug|Win32
		{A431504D-AC75-4DD4-BAD0-4C754F19C7DF}.FastDebug_CheckSync.ActiveCfg = Debug|Win32
		{A431504D-AC75-4DD4-BAD0-4C754F19C7DF}.FastDebug_CheckSync.Build.0 = Debug|Win32
		{A431504D-AC75-4DD4-BAD0-4C754F19C7DF}.Intel.ActiveCfg = DemoRelease|Win32
		{A431504D-AC75-4DD4-BAD0-4C754F19C7DF}.Intel.Build.0 = DemoRelease|Win32
		{A431504D-AC75-4DD4-BAD0-4C754F19C7DF}.Profile.ActiveCfg = DemoRelease|Win32
		{A431504D-AC75-4DD4-BAD0-4C754F19C7DF}.Profile.Build.0 = DemoRelease|Win32
		{A431504D-AC75-4DD4-BAD0-4C754F19C7DF}.Release.ActiveCfg = Release|Win32
		{A431504D-AC75-4DD4-BAD0-4C754F19C7DF}.Release.Build.0 = Release|Win32
		{A431504D-AC75-4DD4-BAD0-4C754F19C7DF}.Release3D_fastDebug.ActiveCfg = Release|Win32
		{A431504D-AC75-4DD4-BAD0-4C754F19C7DF}.Release3D_fastDebug.Build.0 = Release|Win32
		{A431504D-AC75-4DD4-BAD0-4C754F19C7DF}.Release9.ActiveCfg = Release|Win32
		{A431504D-AC75-4DD4-BAD0-4C754F19C7DF}.Release9.Build.0 = Release|Win32
		{A431504D-AC75-4DD4-BAD0-4C754F19C7DF}.RemoteDebug.ActiveCfg = RemoteDebugger|Win32
		{A431504D-AC75-4DD4-BAD0-4C754F19C7DF}.RemoteDebug.Build.0 = RemoteDebugger|Win32
		{A431504D-AC75-4DD4-BAD0-4C754F19C7DF}.RemoteDebugger.ActiveCfg = RemoteDebugger|Win32
		{A431504D-AC75-4DD4-BAD0-4C754F19C7DF}.RemoteDebugger.Build.0 = RemoteDebugger|Win32
		{4FDABBCF-F95C-45E4-A860-99969316F319}.CarcassD.ActiveCfg = DemoRelease|Win32
		{4FDABBCF-F95C-45E4-A860-99969316F319}.CarcassD.Build.0 = DemoRelease|Win32
		{4FDABBCF-F95C-45E4-A860-99969316F319}.Debug.ActiveCfg = Debug|Win32
		{4FDABBCF-F95C-45E4-A860-99969316F319}.Debug.Build.0 = Debug|Win32
		{4FDABBCF-F95C-45E4-A860-99969316F319}.Debug_CII.ActiveCfg = Debug_CII|Win32
		{4FDABBCF-F95C-45E4-A860-99969316F319}.Debug_CII.Build.0 = Debug_CII|Win32
		{4FDABBCF-F95C-45E4-A860-99969316F319}.Debug9.ActiveCfg = Debug_CII|Win32
		{4FDABBCF-F95C-45E4-A860-99969316F319}.Debug9.Build.0 = Debug_CII|Win32
		{4FDABBCF-F95C-45E4-A860-99969316F319}.DebugMtd.ActiveCfg = Debug_CII|Win32
		{4FDABBCF-F95C-45E4-A860-99969316F319}.DebugMtd.Build.0 = Debug_CII|Win32
		{4FDABBCF-F95C-45E4-A860-99969316F319}.DemoRelease.ActiveCfg = DemoRelease|Win32
		{4FDABBCF-F95C-45E4-A860-99969316F319}.DemoRelease.Build.0 = DemoRelease|Win32
		{4FDABBCF-F95C-45E4-A860-99969316F319}.FastDebug.ActiveCfg = Debug|Win32
		{4FDABBCF-F95C-45E4-A860-99969316F319}.FastDebug.Build.0 = Debug|Win32
		{4FDABBCF-F95C-45E4-A860-99969316F319}.FastDebug CheckSync.ActiveCfg = Debug|Win32
		{4FDABBCF-F95C-45E4-A860-99969316F319}.FastDebug CheckSync.Build.0 = Debug|Win32
		{4FDABBCF-F95C-45E4-A860-99969316F319}.FastDebug_CheckSync.ActiveCfg = Debug|Win32
		{4FDABBCF-F95C-45E4-A860-99969316F319}.FastDebug_CheckSync.Build.0 = Debug|Win32
		{4FDABBCF-F95C-45E4-A860-99969316F319}.Intel.ActiveCfg = DemoRelease|Win32
		{4FDABBCF-F95C-45E4-A860-99969316F319}.Intel.Build.0 = DemoRelease|Win32
		{4FDABBCF-F95C-45E4-A860-99969316F319}.Profile.ActiveCfg = DemoRelease|Win32
		{4FDABBCF-F95C-45E4-A860-99969316F319}.Profile.Build.0 = DemoRelease|Win32
		{4FDABBCF-F95C-45E4-A860-99969316F319}.Release.ActiveCfg = Release|Win32
		{4FDABBCF-F95C-45E4-A860-99969316F319}.Release.Build.0 = Release|Win32
		{4FDABBCF-F95C-45E4-A860-99969316F319}.Release3D_fastDebug.ActiveCfg = Release|Win32
		{4FDABBCF-F95C-45E4-A860-99969316F319}.Release3D_fastDebug.Build.0 = Release|Win32
		{4FDABBCF-F95C-45E4-A860-99969316F319}.Release9.ActiveCfg = Release|Win32
		{4FDABBCF-F95C-45E4-A860-99969316F319}.Release9.Build.0 = Release|Win32
		{4FDABBCF-F95C-45E4-A860-99969316F319}.RemoteDebug.ActiveCfg = RemoteDebugger|Win32
		{4FDABBCF-F95C-45E4-A860-99969316F319}.RemoteDebug.Build.0 = RemoteDebugger|Win32
		{4FDABBCF-F95C-45E4-A860-99969316F319}.RemoteDebugger.ActiveCfg = RemoteDebugger|Win32
		{4FDABBCF-F95C-45E4-A860-99969316F319}.RemoteDebugger.Build.0 = RemoteDebugger|Win32
		{234939FB-CDCA-4C95-BEC4-D6B98DC4E24A}.CarcassD.ActiveCfg = FastDebug CheckSync|Win32
		{234939FB-CDCA-4C95-BEC4-D6B98DC4E24A}.CarcassD.Build.0 = FastDebug CheckSync|Win32
		{234939FB-CDCA-4C95-BEC4-D6B98DC4E24A}.Debug.ActiveCfg = Debug|Win32
		{234939FB-CDCA-4C95-BEC4-D6B98DC4E24A}.Debug.Build.0 = Debug|Win32
		{234939FB-CDCA-4C95-BEC4-D6B98DC4E24A}.Debug_CII.ActiveCfg = Debug_CII|Win32
		{234939FB-CDCA-4C95-BEC4-D6B98DC4E24A}.Debug_CII.Build.0 = Debug_CII|Win32
		{234939FB-CDCA-4C95-BEC4-D6B98DC4E24A}.Debug9.ActiveCfg = Debug_CII|Win32
		{234939FB-CDCA-4C95-BEC4-D6B98DC4E24A}.Debug9.Build.0 = Debug_CII|Win32
		{234939FB-CDCA-4C95-BEC4-D6B98DC4E24A}.DebugMtd.ActiveCfg = Debug_CII|Win32
		{234939FB-CDCA-4C95-BEC4-D6B98DC4E24A}.DebugMtd.Build.0 = Debug_CII|Win32
		{234939FB-CDCA-4C95-BEC4-D6B98DC4E24A}.DemoRelease.ActiveCfg = DemoRelease|Win32
		{234939FB-CDCA-4C95-BEC4-D6B98DC4E24A}.DemoRelease.Build.0 = DemoRelease|Win32
		{234939FB-CDCA-4C95-BEC4-D6B98DC4E24A}.FastDebug.ActiveCfg = FastDebug CheckSync|Win32
		{234939FB-CDCA-4C95-BEC4-D6B98DC4E24A}.FastDebug.Build.0 = FastDebug CheckSync|Win32
		{234939FB-CDCA-4C95-BEC4-D6B98DC4E24A}.FastDebug CheckSync.ActiveCfg = FastDebug CheckSync|Win32
		{234939FB-CDCA-4C95-BEC4-D6B98DC4E24A}.FastDebug CheckSync.Build.0 = FastDebug CheckSync|Win32
		{234939FB-CDCA-4C95-BEC4-D6B98DC4E24A}.FastDebug_CheckSync.ActiveCfg = FastDebug CheckSync|Win32
		{234939FB-CDCA-4C95-BEC4-D6B98DC4E24A}.FastDebug_CheckSync.Build.0 = FastDebug CheckSync|Win32
		{234939FB-CDCA-4C95-BEC4-D6B98DC4E24A}.Intel.ActiveCfg = FastDebug CheckSync|Win32
		{234939FB-CDCA-4C95-BEC4-D6B98DC4E24A}.Intel.Build.0 = FastDebug CheckSync|Win32
		{234939FB-CDCA-4C95-BEC4-D6B98DC4E24A}.Profile.ActiveCfg = FastDebug CheckSync|Win32
		{234939FB-CDCA-4C95-BEC4-D6B98DC4E24A}.Profile.Build.0 = FastDebug CheckSync|Win32
		{234939FB-CDCA-4C95-BEC4-D6B98DC4E24A}.Release.ActiveCfg = Release|Win32
		{234939FB-CDCA-4C95-BEC4-D6B98DC4E24A}.Release.Build.0 = Release|Win32
		{234939FB-CDCA-4C95-BEC4-D6B98DC4E24A}.Release3D_fastDebug.ActiveCfg = Release|Win32
		{234939FB-CDCA-4C95-BEC4-D6B98DC4E24A}.Release3D_fastDebug.Build.0 = Release|Win32
		{234939FB-CDCA-4C95-BEC4-D6B98DC4E24A}.Release9.ActiveCfg = Release|Win32
		{234939FB-CDCA-4C95-BEC4-D6B98DC4E24A}.Release9.Build.0 = Release|Win32
		{234939FB-CDCA-4C95-BEC4-D6B98DC4E24A}.RemoteDebug.ActiveCfg = RemoteDebugger|Win32
		{234939FB-CDCA-4C95-BEC4-D6B98DC4E24A}.RemoteDebug.Build.0 = RemoteDebugger|Win32
		{234939FB-CDCA-4C95-BEC4-D6B98DC4E24A}.RemoteDebugger.ActiveCfg = RemoteDebugger|Win32
		{234939FB-CDCA-4C95-BEC4-D6B98DC4E24A}.RemoteDebugger.Build.0 = RemoteDebugger|Win32
		{00E442FD-AD7F-4341-9114-70888528F53F}.CarcassD.ActiveCfg = DemoRelease|Win32
		{00E442FD-AD7F-4341-9114-70888528F53F}.CarcassD.Build.0 = DemoRelease|Win32
		{00E442FD-AD7F-4341-9114-70888528F53F}.Debug.ActiveCfg = Debug|Win32
		{00E442FD-AD7F-4341-9114-70888528F53F}.Debug.Build.0 = Debug|Win32
		{00E442FD-AD7F-4341-9114-70888528F53F}.Debug_CII.ActiveCfg = Debug|Win32
		{00E442FD-AD7F-4341-9114-70888528F53F}.Debug_CII.Build.0 = Debug|Win32
		{00E442FD-AD7F-4341-9114-70888528F53F}.Debug9.ActiveCfg = Debug|Win32
		{00E442FD-AD7F-4341-9114-70888528F53F}.Debug9.Build.0 = Debug|Win32
		{00E442FD-AD7F-4341-9114-70888528F53F}.DebugMtd.ActiveCfg = Debug|Win32
		{00E442FD-AD7F-4341-9114-70888528F53F}.DebugMtd.Build.0 = Debug|Win32
		{00E442FD-AD7F-4341-9114-70888528F53F}.DemoRelease.ActiveCfg = DemoRelease|Win32
		{00E442FD-AD7F-4341-9114-70888528F53F}.DemoRelease.Build.0 = DemoRelease|Win32
		{00E442FD-AD7F-4341-9114-70888528F53F}.FastDebug.ActiveCfg = Debug|Win32
		{00E442FD-AD7F-4341-9114-70888528F53F}.FastDebug.Build.0 = Debug|Win32
		{00E442FD-AD7F-4341-9114-70888528F53F}.FastDebug CheckSync.ActiveCfg = Debug|Win32
		{00E442FD-AD7F-4341-9114-70888528F53F}.FastDebug CheckSync.Build.0 = Debug|Win32
		{00E442FD-AD7F-4341-9114-70888528F53F}.FastDebug_CheckSync.ActiveCfg = Debug|Win32
		{00E442FD-AD7F-4341-9114-70888528F53F}.FastDebug_CheckSync.Build.0 = Debug|Win32
		{00E442FD-AD7F-4341-9114-70888528F53F}.Intel.ActiveCfg = DemoRelease|Win32
		{00E442FD-AD7F-4341-9114-70888528F53F}.Intel.Build.0 = DemoRelease|Win32
		{00E442FD-AD7F-4341-9114-70888528F53F}.Profile.ActiveCfg = DemoRelease|Win32
		{00E442FD-AD7F-4341-9114-70888528F53F}.Profile.Build.0 = DemoRelease|Win32
		{00E442FD-AD7F-4341-9114-70888528F53F}.Release.ActiveCfg = Release|Win32
		{00E442FD-AD7F-4341-9114-70888528F53F}.Release.Build.0 = Release|Win32
		{00E442FD-AD7F-4341-9114-70888528F53F}.Release3D_fastDebug.ActiveCfg = Release3D_fastDebug|Win32
		{00E442FD-AD7F-4341-9114-70888528F53F}.Release3D_fastDebug.Build.0 = Release3D_fastDebug|Win32
		{00E442FD-AD7F-4341-9114-70888528F53F}.Release9.ActiveCfg = Release3D_fastDebug|Win32
		{00E442FD-AD7F-4341-9114-70888528F53F}.Release9.Build.0 = Release3D_fastDebug|Win32
		{00E442FD-AD7F-4341-9114-70888528F53F}.RemoteDebug.ActiveCfg = Debug|Win32
		{00E442FD-AD7F-4341-9114-70888528F53F}.RemoteDebug.Build.0 = Debug|Win32
		{00E442FD-AD7F-4341-9114-70888528F53F}.RemoteDebugger.ActiveCfg = Debug|Win32
		{00E442FD-AD7F-4341-9114-70888528F53F}.RemoteDebugger.Build.0 = Debug|Win32
		{6462D7B5-AFAD-4EFC-8E12-F28F4C9301B1}.CarcassD.ActiveCfg = DemoRelease|Win32
		{6462D7B5-AFAD-4EFC-8E12-F28F4C9301B1}.CarcassD.Build.0 = DemoRelease|Win32
		{6462D7B5-AFAD-4EFC-8E12-F28F4C9301B1}.Debug.ActiveCfg = Debug|Win32
		{6462D7B5-AFAD-4EFC-8E12-F28F4C9301B1}.Debug.Build.0 = Debug|Win32
		{6462D7B5-AFAD-4EFC-8E12-F28F4C9301B1}.Debug_CII.ActiveCfg = Debug_CII|Win32
		{6462D7B5-AFAD-4EFC-8E12-F28F4C9301B1}.Debug_CII.Build.0 = Debug_CII|Win32
		{6462D7B5-AFAD-4EFC-8E12-F28F4C9301B1}.Debug9.ActiveCfg = Debug_CII|Win32
		{6462D7B5-AFAD-4EFC-8E12-F28F4C9301B1}.Debug9.Build.0 = Debug_CII|Win32
		{6462D7B5-AFAD-4EFC-8E12-F28F4C9301B1}.DebugMtd.ActiveCfg = Debug_CII|Win32
		{6462D7B5-AFAD-4EFC-8E12-F28F4C9301B1}.DebugMtd.Build.0 = Debug_CII|Win32
		{6462D7B5-AFAD-4EFC-8E12-F28F4C9301B1}.DemoRelease.ActiveCfg = DemoRelease|Win32
		{6462D7B5-AFAD-4EFC-8E12-F28F4C9301B1}.DemoRelease.Build.0 = DemoRelease|Win32
		{6462D7B5-AFAD-4EFC-8E12-F28F4C9301B1}.FastDebug.ActiveCfg = Debug|Win32
		{6462D7B5-AFAD-4EFC-8E12-F28F4C9301B1}.FastDebug.Build.0 = Debug|Win32
		{6462D7B5-AFAD-4EFC-8E12-F28F4C9301B1}.FastDebug CheckSync.ActiveCfg = Debug|Win32
		{6462D7B5-AFAD-4EFC-8E12-F28F4C9301B1}.FastDebug CheckSync.Build.0 = Debug|Win32
		{6462D7B5-AFAD-4EFC-8E12-F28F4C9301B1}.FastDebug_CheckSync.ActiveCfg = Debug|Win32
		{6462D7B5-AFAD-4EFC-8E12-F28F4C9301B1}.FastDebug_CheckSync.Build.0 = Debug|Win32
		{6462D7B5-AFAD-4EFC-8E12-F28F4C9301B1}.Intel.ActiveCfg = DemoRelease|Win32
		{6462D7B5-AFAD-4EFC-8E12-F28F4C9301B1}.Intel.Build.0 = DemoRelease|Win32
		{6462D7B5-AFAD-4EFC-8E12-F28F4C9301B1}.Profile.ActiveCfg = DemoRelease|Win32
		{6462D7B5-AFAD-4EFC-8E12-F28F4C9301B1}.Profile.Build.0 = DemoRelease|Win32
		{6462D7B5-AFAD-4EFC-8E12-F28F4C9301B1}.Release.ActiveCfg = Release|Win32
		{6462D7B5-AFAD-4EFC-8E12-F28F4C9301B1}.Release.Build.0 = Release|Win32
		{6462D7B5-AFAD-4EFC-8E12-F28F4C9301B1}.Release3D_fastDebug.ActiveCfg = Release3D_fastDebug|Win32
		{6462D7B5-AFAD-4EFC-8E12-F28F4C9301B1}.Release3D_fastDebug.Build.0 = Release3D_fastDebug|Win32
		{6462D7B5-AFAD-4EFC-8E12-F28F4C9301B1}.Release9.ActiveCfg = Release3D_fastDebug|Win32
		{6462D7B5-AFAD-4EFC-8E12-F28F4C9301B1}.Release9.Build.0 = Release3D_fastDebug|Win32
		{6462D7B5-AFAD-4EFC-8E12-F28F4C9301B1}.RemoteDebug.ActiveCfg = RemoteDebugger|Win32
		{6462D7B5-AFAD-4EFC-8E12-F28F4C9301B1}.RemoteDebug.Build.0 = RemoteDebugger|Win32
		{6462D7B5-AFAD-4EFC-8E12-F28F4C9301B1}.RemoteDebugger.ActiveCfg = RemoteDebugger|Win32
		{6462D7B5-AFAD-4EFC-8E12-F28F4C9301B1}.RemoteDebugger.Build.0 = RemoteDebugger|Win32
		{84FAD02B-1578-4151-8712-CC34C80A045D}.CarcassD.ActiveCfg = Release|Win32
		{84FAD02B-1578-4151-8712-CC34C80A045D}.CarcassD.Build.0 = Release|Win32
		{84FAD02B-1578-4151-8712-CC34C80A045D}.Debug.ActiveCfg = Debug|Win32
		{84FAD02B-1578-4151-8712-CC34C80A045D}.Debug.Build.0 = Debug|Win32
		{84FAD02B-1578-4151-8712-CC34C80A045D}.Debug_CII.ActiveCfg = Debug|Win32
		{84FAD02B-1578-4151-8712-CC34C80A045D}.Debug_CII.Build.0 = Debug|Win32
		{84FAD02B-1578-4151-8712-CC34C80A045D}.Debug9.ActiveCfg = Debug|Win32
		{84FAD02B-1578-4151-8712-CC34C80A045D}.Debug9.Build.0 = Debug|Win32
		{84FAD02B-1578-4151-8712-CC34C80A045D}.DebugMtd.ActiveCfg = Debug|Win32
		{84FAD02B-1578-4151-8712-CC34C80A045D}.DebugMtd.Build.0 = Debug|Win32
		{84FAD02B-1578-4151-8712-CC34C80A045D}.DemoRelease.ActiveCfg = Release|Win32
		{84FAD02B-1578-4151-8712-CC34C80A045D}.DemoRelease.Build.0 = Release|Win32
		{84FAD02B-1578-4151-8712-CC34C80A045D}.FastDebug.ActiveCfg = Debug|Win32
		{84FAD02B-1578-4151-8712-CC34C80A045D}.FastDebug.Build.0 = Debug|Win32
		{84FAD02B-1578-4151-8712-CC34C80A045D}.FastDebug CheckSync.ActiveCfg = Debug|Win32
		{84FAD02B-1578-4151-8712-CC34C80A045D}.FastDebug CheckSync.Build.0 = Debug|Win32
		{84FAD02B-1578-4151-8712-CC34C80A045D}.FastDebug_CheckSync.ActiveCfg = Debug|Win32
		{84FAD02B-1578-4151-8712-CC34C80A045D}.FastDebug_CheckSync.Build.0 = Debug|Win32
		{84FAD02B-1578-4151-8712-CC34C80A045D}.Intel.ActiveCfg = Release|Win32
		{84FAD02B-1578-4151-8712-CC34C80A045D}.Intel.Build.0 = Release|Win32
		{84FAD02B-1578-4151-8712-CC34C80A045D}.Profile.ActiveCfg = Release|Win32
		{84FAD02B-1578-4151-8712-CC34C80A045D}.Profile.Build.0 = Release|Win32
		{84FAD02B-1578-4151-8712-CC34C80A045D}.Release.ActiveCfg = Release|Win32
		{84FAD02B-1578-4151-8712-CC34C80A045D}.Release.Build.0 = Release|Win32
		{84FAD02B-1578-4151-8712-CC34C80A045D}.Release3D_fastDebug.ActiveCfg = Release|Win32
		{84FAD02B-1578-4151-8712-CC34C80A045D}.Release3D_fastDebug.Build.0 = Release|Win32
		{84FAD02B-1578-4151-8712-CC34C80A045D}.Release9.ActiveCfg = Release|Win32
		{84FAD02B-1578-4151-8712-CC34C80A045D}.Release9.Build.0 = Release|Win32
		{84FAD02B-1578-4151-8712-CC34C80A045D}.RemoteDebug.ActiveCfg = Debug|Win32
		{84FAD02B-1578-4151-8712-CC34C80A045D}.RemoteDebug.Build.0 = Debug|Win32
		{84FAD02B-1578-4151-8712-CC34C80A045D}.RemoteDebugger.ActiveCfg = Debug|Win32
		{84FAD02B-1578-4151-8712-CC34C80A045D}.RemoteDebugger.Build.0 = Debug|Win32
		{DCCFEBA8-32F5-4B9C-1239-C149EA56746F}.CarcassD.ActiveCfg = Release|Win32
		{DCCFEBA8-32F5-4B9C-1239-C149EA56746F}.CarcassD.Build.0 = Release|Win32
		{DCCFEBA8-32F5-4B9C-1239-C149EA56746F}.Debug.ActiveCfg = Debug|Win32
		{DCCFEBA8-32F5-4B9C-1239-C149EA56746F}.Debug.Build.0 = Debug|Win32
		{DCCFEBA8-32F5-4B9C-1239-C149EA56746F}.Debug_CII.ActiveCfg = Debug|Win32
		{DCCFEBA8-32F5-4B9C-1239-C149EA56746F}.Debug_CII.Build.0 = Debug|Win32
		{DCCFEBA8-32F5-4B9C-1239-C149EA56746F}.Debug9.ActiveCfg = Debug|Win32
		{DCCFEBA8-32F5-4B9C-1239-C149EA56746F}.Debug9.Build.0 = Debug|Win32
		{DCCFEBA8-32F5-4B9C-1239-C149EA56746F}.DebugMtd.ActiveCfg = Debug|Win32
		{DCCFEBA8-32F5-4B9C-1239-C149EA56746F}.DebugMtd.Build.0 = Debug|Win32
		{DCCFEBA8-32F5-4B9C-1239-C149EA56746F}.DemoRelease.ActiveCfg = Release|Win32
		{DCCFEBA8-32F5-4B9C-1239-C149EA56746F}.DemoRelease.Build.0 = Release|Win32
		{DCCFEBA8-32F5-4B9C-1239-C149EA56746F}.FastDebug.ActiveCfg = Debug|Win32
		{DCCFEBA8-32F5-4B9C-1239-C149EA56746F}.FastDebug.Build.0 = Debug|Win32
		{DCCFEBA8-32F5-4B9C-1239-C149EA56746F}.FastDebug CheckSync.ActiveCfg = Debug|Win32
		{DCCFEBA8-32F5-4B9C-1239-C149EA56746F}.FastDebug CheckSync.Build.0 = Debug|Win32
		{DCCFEBA8-32F5-4B9C-1239-C149EA56746F}.FastDebug_CheckSync.ActiveCfg = Debug|Win32
		{DCCFEBA8-32F5-4B9C-1239-C149EA56746F}.FastDebug_CheckSync.Build.0 = Debug|Win32
		{DCCFEBA8-32F5-4B9C-1239-C149EA56746F}.Intel.ActiveCfg = Release|Win32
		{DCCFEBA8-32F5-4B9C-1239-C149EA56746F}.Intel.Build.0 = Release|Win32
		{DCCFEBA8-32F5-4B9C-1239-C149EA56746F}.Profile.ActiveCfg = Release|Win32
		{DCCFEBA8-32F5-4B9C-1239-C149EA56746F}.Profile.Build.0 = Release|Win32
		{DCCFEBA8-32F5-4B9C-1239-C149EA56746F}.Release.ActiveCfg = Release|Win32
		{DCCFEBA8-32F5-4B9C-1239-C149EA56746F}.Release.Build.0 = Release|Win32
		{DCCFEBA8-32F5-4B9C-1239-C149EA56746F}.Release3D_fastDebug.ActiveCfg = Release|Win32
		{DCCFEBA8-32F5-4B9C-1239-C149EA56746F}.Release3D_fastDebug.Build.0 = Release|Win32
		{DCCFEBA8-32F5-4B9C-1239-C149EA56746F}.Release9.ActiveCfg = Release|Win32
		{DCCFEBA8-32F5-4B9C-1239-C149EA56746F}.Release9.Build.0 = Release|Win32
		{DCCFEBA8-32F5-4B9C-1239-C149EA56746F}.RemoteDebug.ActiveCfg = Debug|Win32
		{DCCFEBA8-32F5-4B9C-1239-C149EA56746F}.RemoteDebug.Build.0 = Debug|Win32
		{DCCFEBA8-32F5-4B9C-1239-C149EA56746F}.RemoteDebugger.ActiveCfg = Debug|Win32
		{DCCFEBA8-32F5-4B9C-1239-C149EA56746F}.RemoteDebugger.Build.0 = Debug|Win32
	EndGlobalSection
	GlobalSection(ExtensibilityGlobals) = postSolution
	EndGlobalSection
	GlobalSection(ExtensibilityAddIns) = postSolution
	EndGlobalSection
	GlobalSection(DPCodeReviewSolutionGUID) = preSolution
		DPCodeReviewSolutionGUID = {00000000-0000-0000-0000-000000000000}
	EndGlobalSection
	GlobalSection(DevPartner Solution Properties) = postSolution
	EndGlobalSection
	GlobalSection(DevPartner) = postSolution
	EndGlobalSection
	GlobalSection(DevPartner) = postSolution
	EndGlobalSection
	GlobalSection(DevPartner) = postSolution
	EndGlobalSection
	GlobalSection(DevPartner) = postSolution
	EndGlobalSection
	GlobalSection(DevPartner) = postSolution
	EndGlobalSection
	GlobalSection(DevPartner) = postSolution
	EndGlobalSection
EndGlobal
