Microsoft Visual Studio Solution File, Format Version 12.00
# Visual Studio Version 17
VisualStudioVersion = 17.3.32825.248
MinimumVisualStudioVersion = 10.0.40219.1
Project("{8BC9CEB8-8B4A-11D0-8D11-00A0C91BC942}") = "gRender", "3dlib\gRenderDX9\gRenderDX9.vcxproj", "{EC5CB78C-8886-458D-A1BB-9BAC67F58E49}"
EndProject
Project("{8BC9CEB8-8B4A-11D0-8D11-00A0C91BC942}") = "kangaroo", "3dlib\kangaroo\Kangaroo.vcxproj", "{0A91D231-279B-4AD3-8E28-6439791D52B9}"
EndProject
Project("{8BC9CEB8-8B4A-11D0-8D11-00A0C91BC942}") = "ClassEngine", "ClassEngine\ClassEngine.vcxproj", "{DD9E2B2C-58BF-49FE-A539-BCF16BB67B30}"
EndProject
Project("{8BC9CEB8-8B4A-11D0-8D11-00A0C91BC942}") = "gMotor", "3dlib\gMotor\gMotor.vcxproj", "{7DE0E239-E541-497A-A43D-402CB677B37A}"
EndProject
Project("{8BC9CEB8-8B4A-11D0-8D11-00A0C91BC942}") = "cossacks2", "COSSACKS2\cossacks2.vcxproj", "{60D954A2-8B83-46E3-9BCF-B614117E2F7D}"
EndProject
Project("{8BC9CEB8-8B4A-11D0-8D11-00A0C91BC942}") = "gPhysics", "3dlib\gPhysics\gPhysics.vcxproj", "{299B164A-2EF8-43FD-94AE-F74AAA62A3B2}"
EndProject
Project("{8BC9CEB8-8B4A-11D0-8D11-00A0C91BC942}") = "DipServer", "DipServer\DipServer.vcxproj", "{A431504D-AC75-4DD4-BAD0-4C754F19C7DF}"
EndProject
Project("{8BC9CEB8-8B4A-11D0-8D11-00A0C91BC942}") = "IntExplorer", "IntExplorer\IntExplorer.vcxproj", "{4FDABBCF-F95C-45E4-A860-99969316F319}"
EndProject
Project("{8BC9CEB8-8B4A-11D0-8D11-00A0C91BC942}") = "IChat", "IChat\IChat.vcxproj", "{234939FB-CDCA-4C95-BEC4-D6B98DC4E24A}"
EndProject
Project("{8BC9CEB8-8B4A-11D0-8D11-00A0C91BC942}") = "MissionEngine", "MissionEngine\MissionEngine.vcxproj", "{00E442FD-AD7F-4341-9114-70888528F53F}"
EndProject
Project("{8BC9CEB8-8B4A-11D0-8D11-00A0C91BC942}") = "LF_Server", "LF_Server\LF_Server.vcxproj", "{6462D7B5-AFAD-4EFC-8E12-F28F4C9301B1}"
EndProject
Project("{8BC9CEB8-8B4A-11D0-8D11-00A0C91BC942}") = "VAI", "Plugins\VAI\VAI.vcxproj", "{84FAD02B-1578-4151-8712-CC34C80A045D}"
EndProject
Project("{8BC9CEB8-8B4A-11D0-8D11-00A0C91BC942}") = "BattleEditor", "Plugins\BattleEditor\BattleEditor.vcxproj", "{DCCFEBA8-32F5-4B9C-1239-C149EA56746F}"
EndProject
Global
	GlobalSection(SolutionConfigurationPlatforms) = preSolution
		CarcassD|x86 = CarcassD|x86
		Debug_CII|x86 = Debug_CII|x86
		Debug|x86 = Debug|x86
		Debug9|x86 = Debug9|x86
		DebugMtd|x86 = DebugMtd|x86
		DemoRelease|x86 = DemoRelease|x86
		FastDebug CheckSync|x86 = FastDebug CheckSync|x86
		FastDebug_CheckSync|x86 = FastDebug_CheckSync|x86
		FastDebug|x86 = FastDebug|x86
		Intel|x86 = Intel|x86
		Profile|x86 = Profile|x86
		Release|x86 = Release|x86
		Release3D_fastDebug|x86 = Release3D_fastDebug|x86
		Release9|x86 = Release9|x86
		RemoteDebug|x86 = RemoteDebug|x86
		RemoteDebugger|x86 = RemoteDebugger|x86
	EndGlobalSection
	GlobalSection(ProjectConfigurationPlatforms) = postSolution
		{EC5CB78C-8886-458D-A1BB-9BAC67F58E49}.CarcassD|x86.ActiveCfg = Release|Win32
		{EC5CB78C-8886-458D-A1BB-9BAC67F58E49}.CarcassD|x86.Build.0 = Release|Win32
		{EC5CB78C-8886-458D-A1BB-9BAC67F58E49}.Debug_CII|x86.ActiveCfg = Debug|Win32
		{EC5CB78C-8886-458D-A1BB-9BAC67F58E49}.Debug_CII|x86.Build.0 = Debug|Win32
		{EC5CB78C-8886-458D-A1BB-9BAC67F58E49}.Debug|x86.ActiveCfg = Debug|Win32
		{EC5CB78C-8886-458D-A1BB-9BAC67F58E49}.Debug|x86.Build.0 = Debug|Win32
		{EC5CB78C-8886-458D-A1BB-9BAC67F58E49}.Debug9|x86.ActiveCfg = Debug|Win32
		{EC5CB78C-8886-458D-A1BB-9BAC67F58E49}.Debug9|x86.Build.0 = Debug|Win32
		{EC5CB78C-8886-458D-A1BB-9BAC67F58E49}.DebugMtd|x86.ActiveCfg = Debug|Win32
		{EC5CB78C-8886-458D-A1BB-9BAC67F58E49}.DebugMtd|x86.Build.0 = Debug|Win32
		{EC5CB78C-8886-458D-A1BB-9BAC67F58E49}.DemoRelease|x86.ActiveCfg = Release|Win32
		{EC5CB78C-8886-458D-A1BB-9BAC67F58E49}.DemoRelease|x86.Build.0 = Release|Win32
		{EC5CB78C-8886-458D-A1BB-9BAC67F58E49}.FastDebug CheckSync|x86.ActiveCfg = Debug|Win32
		{EC5CB78C-8886-458D-A1BB-9BAC67F58E49}.FastDebug CheckSync|x86.Build.0 = Debug|Win32
		{EC5CB78C-8886-458D-A1BB-9BAC67F58E49}.FastDebug_CheckSync|x86.ActiveCfg = Debug|Win32
		{EC5CB78C-8886-458D-A1BB-9BAC67F58E49}.FastDebug_CheckSync|x86.Build.0 = Debug|Win32
		{EC5CB78C-8886-458D-A1BB-9BAC67F58E49}.FastDebug|x86.ActiveCfg = Release|Win32
		{EC5CB78C-8886-458D-A1BB-9BAC67F58E49}.FastDebug|x86.Build.0 = Release|Win32
		{EC5CB78C-8886-458D-A1BB-9BAC67F58E49}.Intel|x86.ActiveCfg = Release|Win32
		{EC5CB78C-8886-458D-A1BB-9BAC67F58E49}.Intel|x86.Build.0 = Release|Win32
		{EC5CB78C-8886-458D-A1BB-9BAC67F58E49}.Profile|x86.ActiveCfg = Release|Win32
		{EC5CB78C-8886-458D-A1BB-9BAC67F58E49}.Profile|x86.Build.0 = Release|Win32
		{EC5CB78C-8886-458D-A1BB-9BAC67F58E49}.Release|x86.ActiveCfg = Release|Win32
		{EC5CB78C-8886-458D-A1BB-9BAC67F58E49}.Release|x86.Build.0 = Release|Win32
		{EC5CB78C-8886-458D-A1BB-9BAC67F58E49}.Release3D_fastDebug|x86.ActiveCfg = Release|Win32
		{EC5CB78C-8886-458D-A1BB-9BAC67F58E49}.Release3D_fastDebug|x86.Build.0 = Release|Win32
		{EC5CB78C-8886-458D-A1BB-9BAC67F58E49}.Release9|x86.ActiveCfg = Release|Win32
		{EC5CB78C-8886-458D-A1BB-9BAC67F58E49}.Release9|x86.Build.0 = Release|Win32
		{EC5CB78C-8886-458D-A1BB-9BAC67F58E49}.RemoteDebug|x86.ActiveCfg = Debug|Win32
		{EC5CB78C-8886-458D-A1BB-9BAC67F58E49}.RemoteDebug|x86.Build.0 = Debug|Win32
		{EC5CB78C-8886-458D-A1BB-9BAC67F58E49}.RemoteDebugger|x86.ActiveCfg = Debug|Win32
		{EC5CB78C-8886-458D-A1BB-9BAC67F58E49}.RemoteDebugger|x86.Build.0 = Debug|Win32
		{0A91D231-279B-4AD3-8E28-6439791D52B9}.CarcassD|x86.ActiveCfg = Release|Win32
		{0A91D231-279B-4AD3-8E28-6439791D52B9}.CarcassD|x86.Build.0 = Release|Win32
		{0A91D231-279B-4AD3-8E28-6439791D52B9}.Debug_CII|x86.ActiveCfg = Debug|Win32
		{0A91D231-279B-4AD3-8E28-6439791D52B9}.Debug_CII|x86.Build.0 = Debug|Win32
		{0A91D231-279B-4AD3-8E28-6439791D52B9}.Debug|x86.ActiveCfg = Debug|Win32
		{0A91D231-279B-4AD3-8E28-6439791D52B9}.Debug|x86.Build.0 = Debug|Win32
		{0A91D231-279B-4AD3-8E28-6439791D52B9}.Debug9|x86.ActiveCfg = Debug|Win32
		{0A91D231-279B-4AD3-8E28-6439791D52B9}.Debug9|x86.Build.0 = Debug|Win32
		{0A91D231-279B-4AD3-8E28-6439791D52B9}.DebugMtd|x86.ActiveCfg = Debug|Win32
		{0A91D231-279B-4AD3-8E28-6439791D52B9}.DebugMtd|x86.Build.0 = Debug|Win32
		{0A91D231-279B-4AD3-8E28-6439791D52B9}.DemoRelease|x86.ActiveCfg = Release|Win32
		{0A91D231-279B-4AD3-8E28-6439791D52B9}.DemoRelease|x86.Build.0 = Release|Win32
		{0A91D231-279B-4AD3-8E28-6439791D52B9}.FastDebug CheckSync|x86.ActiveCfg = Debug|Win32
		{0A91D231-279B-4AD3-8E28-6439791D52B9}.FastDebug CheckSync|x86.Build.0 = Debug|Win32
		{0A91D231-279B-4AD3-8E28-6439791D52B9}.FastDebug_CheckSync|x86.ActiveCfg = Debug|Win32
		{0A91D231-279B-4AD3-8E28-6439791D52B9}.FastDebug_CheckSync|x86.Build.0 = Debug|Win32
		{0A91D231-279B-4AD3-8E28-6439791D52B9}.FastDebug|x86.ActiveCfg = Debug|Win32
		{0A91D231-279B-4AD3-8E28-6439791D52B9}.FastDebug|x86.Build.0 = Debug|Win32
		{0A91D231-279B-4AD3-8E28-6439791D52B9}.Intel|x86.ActiveCfg = Release|Win32
		{0A91D231-279B-4AD3-8E28-6439791D52B9}.Intel|x86.Build.0 = Release|Win32
		{0A91D231-279B-4AD3-8E28-6439791D52B9}.Profile|x86.ActiveCfg = Release|Win32
		{0A91D231-279B-4AD3-8E28-6439791D52B9}.Profile|x86.Build.0 = Release|Win32
		{0A91D231-279B-4AD3-8E28-6439791D52B9}.Release|x86.ActiveCfg = Release|Win32
		{0A91D231-279B-4AD3-8E28-6439791D52B9}.Release|x86.Build.0 = Release|Win32
		{0A91D231-279B-4AD3-8E28-6439791D52B9}.Release3D_fastDebug|x86.ActiveCfg = Release|Win32
		{0A91D231-279B-4AD3-8E28-6439791D52B9}.Release3D_fastDebug|x86.Build.0 = Release|Win32
		{0A91D231-279B-4AD3-8E28-6439791D52B9}.Release9|x86.ActiveCfg = Release|Win32
		{0A91D231-279B-4AD3-8E28-6439791D52B9}.Release9|x86.Build.0 = Release|Win32
		{0A91D231-279B-4AD3-8E28-6439791D52B9}.RemoteDebug|x86.ActiveCfg = Debug|Win32
		{0A91D231-279B-4AD3-8E28-6439791D52B9}.RemoteDebug|x86.Build.0 = Debug|Win32
		{0A91D231-279B-4AD3-8E28-6439791D52B9}.RemoteDebugger|x86.ActiveCfg = Debug|Win32
		{0A91D231-279B-4AD3-8E28-6439791D52B9}.RemoteDebugger|x86.Build.0 = Debug|Win32
		{DD9E2B2C-58BF-49FE-A539-BCF16BB67B30}.CarcassD|x86.ActiveCfg = DemoRelease|Win32
		{DD9E2B2C-58BF-49FE-A539-BCF16BB67B30}.CarcassD|x86.Build.0 = DemoRelease|Win32
		{DD9E2B2C-58BF-49FE-A539-BCF16BB67B30}.Debug_CII|x86.ActiveCfg = Debug|Win32
		{DD9E2B2C-58BF-49FE-A539-BCF16BB67B30}.Debug_CII|x86.Build.0 = Debug|Win32
		{DD9E2B2C-58BF-49FE-A539-BCF16BB67B30}.Debug|x86.ActiveCfg = Debug|Win32
		{DD9E2B2C-58BF-49FE-A539-BCF16BB67B30}.Debug|x86.Build.0 = Debug|Win32
		{DD9E2B2C-58BF-49FE-A539-BCF16BB67B30}.Debug9|x86.ActiveCfg = Debug|Win32
		{DD9E2B2C-58BF-49FE-A539-BCF16BB67B30}.Debug9|x86.Build.0 = Debug|Win32
		{DD9E2B2C-58BF-49FE-A539-BCF16BB67B30}.DebugMtd|x86.ActiveCfg = Debug|Win32
		{DD9E2B2C-58BF-49FE-A539-BCF16BB67B30}.DebugMtd|x86.Build.0 = Debug|Win32
		{DD9E2B2C-58BF-49FE-A539-BCF16BB67B30}.DemoRelease|x86.ActiveCfg = DemoRelease|Win32
		{DD9E2B2C-58BF-49FE-A539-BCF16BB67B30}.DemoRelease|x86.Build.0 = DemoRelease|Win32
		{DD9E2B2C-58BF-49FE-A539-BCF16BB67B30}.FastDebug CheckSync|x86.ActiveCfg = Debug|Win32
		{DD9E2B2C-58BF-49FE-A539-BCF16BB67B30}.FastDebug CheckSync|x86.Build.0 = Debug|Win32
		{DD9E2B2C-58BF-49FE-A539-BCF16BB67B30}.FastDebug_CheckSync|x86.ActiveCfg = Debug|Win32
		{DD9E2B2C-58BF-49FE-A539-BCF16BB67B30}.FastDebug_CheckSync|x86.Build.0 = Debug|Win32
		{DD9E2B2C-58BF-49FE-A539-BCF16BB67B30}.FastDebug|x86.ActiveCfg = Debug|Win32
		{DD9E2B2C-58BF-49FE-A539-BCF16BB67B30}.FastDebug|x86.Build.0 = Debug|Win32
		{DD9E2B2C-58BF-49FE-A539-BCF16BB67B30}.Intel|x86.ActiveCfg = DemoRelease|Win32
		{DD9E2B2C-58BF-49FE-A539-BCF16BB67B30}.Intel|x86.Build.0 = DemoRelease|Win32
		{DD9E2B2C-58BF-49FE-A539-BCF16BB67B30}.Profile|x86.ActiveCfg = DemoRelease|Win32
		{DD9E2B2C-58BF-49FE-A539-BCF16BB67B30}.Profile|x86.Build.0 = DemoRelease|Win32
		{DD9E2B2C-58BF-49FE-A539-BCF16BB67B30}.Release|x86.ActiveCfg = Release|Win32
		{DD9E2B2C-58BF-49FE-A539-BCF16BB67B30}.Release|x86.Build.0 = Release|Win32
		{DD9E2B2C-58BF-49FE-A539-BCF16BB67B30}.Release3D_fastDebug|x86.ActiveCfg = Release|Win32
		{DD9E2B2C-58BF-49FE-A539-BCF16BB67B30}.Release3D_fastDebug|x86.Build.0 = Release|Win32
		{DD9E2B2C-58BF-49FE-A539-BCF16BB67B30}.Release9|x86.ActiveCfg = Release|Win32
		{DD9E2B2C-58BF-49FE-A539-BCF16BB67B30}.Release9|x86.Build.0 = Release|Win32
		{DD9E2B2C-58BF-49FE-A539-BCF16BB67B30}.RemoteDebug|x86.ActiveCfg = Debug|Win32
		{DD9E2B2C-58BF-49FE-A539-BCF16BB67B30}.RemoteDebug|x86.Build.0 = Debug|Win32
		{DD9E2B2C-58BF-49FE-A539-BCF16BB67B30}.RemoteDebugger|x86.ActiveCfg = Debug|Win32
		{DD9E2B2C-58BF-49FE-A539-BCF16BB67B30}.RemoteDebugger|x86.Build.0 = Debug|Win32
		{7DE0E239-E541-497A-A43D-402CB677B37A}.CarcassD|x86.ActiveCfg = Release|Win32
		{7DE0E239-E541-497A-A43D-402CB677B37A}.CarcassD|x86.Build.0 = Release|Win32
		{7DE0E239-E541-497A-A43D-402CB677B37A}.Debug_CII|x86.ActiveCfg = Debug|Win32
		{7DE0E239-E541-497A-A43D-402CB677B37A}.Debug_CII|x86.Build.0 = Debug|Win32
		{7DE0E239-E541-497A-A43D-402CB677B37A}.Debug|x86.ActiveCfg = Debug|Win32
		{7DE0E239-E541-497A-A43D-402CB677B37A}.Debug|x86.Build.0 = Debug|Win32
		{7DE0E239-E541-497A-A43D-402CB677B37A}.Debug9|x86.ActiveCfg = Debug|Win32
		{7DE0E239-E541-497A-A43D-402CB677B37A}.Debug9|x86.Build.0 = Debug|Win32
		{7DE0E239-E541-497A-A43D-402CB677B37A}.DebugMtd|x86.ActiveCfg = Debug|Win32
		{7DE0E239-E541-497A-A43D-402CB677B37A}.DebugMtd|x86.Build.0 = Debug|Win32
		{7DE0E239-E541-497A-A43D-402CB677B37A}.DemoRelease|x86.ActiveCfg = Release|Win32
		{7DE0E239-E541-497A-A43D-402CB677B37A}.DemoRelease|x86.Build.0 = Release|Win32
		{7DE0E239-E541-497A-A43D-402CB677B37A}.FastDebug CheckSync|x86.ActiveCfg = Debug|Win32
		{7DE0E239-E541-497A-A43D-402CB677B37A}.FastDebug CheckSync|x86.Build.0 = Debug|Win32
		{7DE0E239-E541-497A-A43D-402CB677B37A}.FastDebug_CheckSync|x86.ActiveCfg = Debug|Win32
		{7DE0E239-E541-497A-A43D-402CB677B37A}.FastDebug_CheckSync|x86.Build.0 = Debug|Win32
		{7DE0E239-E541-497A-A43D-402CB677B37A}.FastDebug|x86.ActiveCfg = Debug|Win32
		{7DE0E239-E541-497A-A43D-402CB677B37A}.FastDebug|x86.Build.0 = Debug|Win32
		{7DE0E239-E541-497A-A43D-402CB677B37A}.Intel|x86.ActiveCfg = Release|Win32
		{7DE0E239-E541-497A-A43D-402CB677B37A}.Intel|x86.Build.0 = Release|Win32
		{7DE0E239-E541-497A-A43D-402CB677B37A}.Profile|x86.ActiveCfg = Release|Win32
		{7DE0E239-E541-497A-A43D-402CB677B37A}.Profile|x86.Build.0 = Release|Win32
		{7DE0E239-E541-497A-A43D-402CB677B37A}.Release|x86.ActiveCfg = Release|Win32
		{7DE0E239-E541-497A-A43D-402CB677B37A}.Release|x86.Build.0 = Release|Win32
		{7DE0E239-E541-497A-A43D-402CB677B37A}.Release3D_fastDebug|x86.ActiveCfg = Release|Win32
		{7DE0E239-E541-497A-A43D-402CB677B37A}.Release3D_fastDebug|x86.Build.0 = Release|Win32
		{7DE0E239-E541-497A-A43D-402CB677B37A}.Release9|x86.ActiveCfg = Release|Win32
		{7DE0E239-E541-497A-A43D-402CB677B37A}.Release9|x86.Build.0 = Release|Win32
		{7DE0E239-E541-497A-A43D-402CB677B37A}.RemoteDebug|x86.ActiveCfg = Debug|Win32
		{7DE0E239-E541-497A-A43D-402CB677B37A}.RemoteDebug|x86.Build.0 = Debug|Win32
		{7DE0E239-E541-497A-A43D-402CB677B37A}.RemoteDebugger|x86.ActiveCfg = Debug|Win32
		{7DE0E239-E541-497A-A43D-402CB677B37A}.RemoteDebugger|x86.Build.0 = Debug|Win32
		{60D954A2-8B83-46E3-9BCF-B614117E2F7D}.CarcassD|x86.ActiveCfg = FastDebug CheckSync|Win32
		{60D954A2-8B83-46E3-9BCF-B614117E2F7D}.CarcassD|x86.Build.0 = FastDebug CheckSync|Win32
		{60D954A2-8B83-46E3-9BCF-B614117E2F7D}.Debug_CII|x86.ActiveCfg = Debug|Win32
		{60D954A2-8B83-46E3-9BCF-B614117E2F7D}.Debug_CII|x86.Build.0 = Debug|Win32
		{60D954A2-8B83-46E3-9BCF-B614117E2F7D}.Debug|x86.ActiveCfg = Debug|Win32
		{60D954A2-8B83-46E3-9BCF-B614117E2F7D}.Debug|x86.Build.0 = Debug|Win32
		{60D954A2-8B83-46E3-9BCF-B614117E2F7D}.Debug9|x86.ActiveCfg = Debug|Win32
		{60D954A2-8B83-46E3-9BCF-B614117E2F7D}.Debug9|x86.Build.0 = Debug|Win32
		{60D954A2-8B83-46E3-9BCF-B614117E2F7D}.DebugMtd|x86.ActiveCfg = Debug|Win32
		{60D954A2-8B83-46E3-9BCF-B614117E2F7D}.DebugMtd|x86.Build.0 = Debug|Win32
		{60D954A2-8B83-46E3-9BCF-B614117E2F7D}.DemoRelease|x86.ActiveCfg = DemoRelease|Win32
		{60D954A2-8B83-46E3-9BCF-B614117E2F7D}.DemoRelease|x86.Build.0 = DemoRelease|Win32
		{60D954A2-8B83-46E3-9BCF-B614117E2F7D}.FastDebug CheckSync|x86.ActiveCfg = FastDebug CheckSync|Win32
		{60D954A2-8B83-46E3-9BCF-B614117E2F7D}.FastDebug CheckSync|x86.Build.0 = FastDebug CheckSync|Win32
		{60D954A2-8B83-46E3-9BCF-B614117E2F7D}.FastDebug_CheckSync|x86.ActiveCfg = FastDebug_CheckSync|Win32
		{60D954A2-8B83-46E3-9BCF-B614117E2F7D}.FastDebug_CheckSync|x86.Build.0 = FastDebug_CheckSync|Win32
		{60D954A2-8B83-46E3-9BCF-B614117E2F7D}.FastDebug|x86.ActiveCfg = FastDebug|Win32
		{60D954A2-8B83-46E3-9BCF-B614117E2F7D}.FastDebug|x86.Build.0 = FastDebug|Win32
		{60D954A2-8B83-46E3-9BCF-B614117E2F7D}.Intel|x86.ActiveCfg = FastDebug CheckSync|Win32
		{60D954A2-8B83-46E3-9BCF-B614117E2F7D}.Intel|x86.Build.0 = FastDebug CheckSync|Win32
		{60D954A2-8B83-46E3-9BCF-B614117E2F7D}.Profile|x86.ActiveCfg = FastDebug CheckSync|Win32
		{60D954A2-8B83-46E3-9BCF-B614117E2F7D}.Profile|x86.Build.0 = FastDebug CheckSync|Win32
		{60D954A2-8B83-46E3-9BCF-B614117E2F7D}.Release|x86.ActiveCfg = Release|Win32
		{60D954A2-8B83-46E3-9BCF-B614117E2F7D}.Release|x86.Build.0 = Release|Win32
		{60D954A2-8B83-46E3-9BCF-B614117E2F7D}.Release3D_fastDebug|x86.ActiveCfg = Release|Win32
		{60D954A2-8B83-46E3-9BCF-B614117E2F7D}.Release3D_fastDebug|x86.Build.0 = Release|Win32
		{60D954A2-8B83-46E3-9BCF-B614117E2F7D}.Release9|x86.ActiveCfg = Release|Win32
		{60D954A2-8B83-46E3-9BCF-B614117E2F7D}.Release9|x86.Build.0 = Release|Win32
		{60D954A2-8B83-46E3-9BCF-B614117E2F7D}.RemoteDebug|x86.ActiveCfg = RemoteDebug|Win32
		{60D954A2-8B83-46E3-9BCF-B614117E2F7D}.RemoteDebug|x86.Build.0 = RemoteDebug|Win32
		{60D954A2-8B83-46E3-9BCF-B614117E2F7D}.RemoteDebugger|x86.ActiveCfg = RemoteDebug|Win32
		{60D954A2-8B83-46E3-9BCF-B614117E2F7D}.RemoteDebugger|x86.Build.0 = RemoteDebug|Win32
		{299B164A-2EF8-43FD-94AE-F74AAA62A3B2}.CarcassD|x86.ActiveCfg = Release|Win32
		{299B164A-2EF8-43FD-94AE-F74AAA62A3B2}.CarcassD|x86.Build.0 = Release|Win32
		{299B164A-2EF8-43FD-94AE-F74AAA62A3B2}.Debug_CII|x86.ActiveCfg = Debug|Win32
		{299B164A-2EF8-43FD-94AE-F74AAA62A3B2}.Debug_CII|x86.Build.0 = Debug|Win32
		{299B164A-2EF8-43FD-94AE-F74AAA62A3B2}.Debug|x86.ActiveCfg = Debug|Win32
		{299B164A-2EF8-43FD-94AE-F74AAA62A3B2}.Debug|x86.Build.0 = Debug|Win32
		{299B164A-2EF8-43FD-94AE-F74AAA62A3B2}.Debug9|x86.ActiveCfg = Debug|Win32
		{299B164A-2EF8-43FD-94AE-F74AAA62A3B2}.Debug9|x86.Build.0 = Debug|Win32
		{299B164A-2EF8-43FD-94AE-F74AAA62A3B2}.DebugMtd|x86.ActiveCfg = Debug|Win32
		{299B164A-2EF8-43FD-94AE-F74AAA62A3B2}.DebugMtd|x86.Build.0 = Debug|Win32
		{299B164A-2EF8-43FD-94AE-F74AAA62A3B2}.DemoRelease|x86.ActiveCfg = Release|Win32
		{299B164A-2EF8-43FD-94AE-F74AAA62A3B2}.DemoRelease|x86.Build.0 = Release|Win32
		{299B164A-2EF8-43FD-94AE-F74AAA62A3B2}.FastDebug CheckSync|x86.ActiveCfg = Debug|Win32
		{299B164A-2EF8-43FD-94AE-F74AAA62A3B2}.FastDebug CheckSync|x86.Build.0 = Debug|Win32
		{299B164A-2EF8-43FD-94AE-F74AAA62A3B2}.FastDebug_CheckSync|x86.ActiveCfg = Debug|Win32
		{299B164A-2EF8-43FD-94AE-F74AAA62A3B2}.FastDebug_CheckSync|x86.Build.0 = Debug|Win32
		{299B164A-2EF8-43FD-94AE-F74AAA62A3B2}.FastDebug|x86.ActiveCfg = Debug|Win32
		{299B164A-2EF8-43FD-94AE-F74AAA62A3B2}.FastDebug|x86.Build.0 = Debug|Win32
		{299B164A-2EF8-43FD-94AE-F74AAA62A3B2}.Intel|x86.ActiveCfg = Release|Win32
		{299B164A-2EF8-43FD-94AE-F74AAA62A3B2}.Intel|x86.Build.0 = Release|Win32
		{299B164A-2EF8-43FD-94AE-F74AAA62A3B2}.Profile|x86.ActiveCfg = Release|Win32
		{299B164A-2EF8-43FD-94AE-F74AAA62A3B2}.Profile|x86.Build.0 = Release|Win32
		{299B164A-2EF8-43FD-94AE-F74AAA62A3B2}.Release|x86.ActiveCfg = Release|Win32
		{299B164A-2EF8-43FD-94AE-F74AAA62A3B2}.Release|x86.Build.0 = Release|Win32
		{299B164A-2EF8-43FD-94AE-F74AAA62A3B2}.Release3D_fastDebug|x86.ActiveCfg = Release|Win32
		{299B164A-2EF8-43FD-94AE-F74AAA62A3B2}.Release3D_fastDebug|x86.Build.0 = Release|Win32
		{299B164A-2EF8-43FD-94AE-F74AAA62A3B2}.Release9|x86.ActiveCfg = Release|Win32
		{299B164A-2EF8-43FD-94AE-F74AAA62A3B2}.Release9|x86.Build.0 = Release|Win32
		{299B164A-2EF8-43FD-94AE-F74AAA62A3B2}.RemoteDebug|x86.ActiveCfg = Debug|Win32
		{299B164A-2EF8-43FD-94AE-F74AAA62A3B2}.RemoteDebug|x86.Build.0 = Debug|Win32
		{299B164A-2EF8-43FD-94AE-F74AAA62A3B2}.RemoteDebugger|x86.ActiveCfg = Debug|Win32
		{299B164A-2EF8-43FD-94AE-F74AAA62A3B2}.RemoteDebugger|x86.Build.0 = Debug|Win32
		{A431504D-AC75-4DD4-BAD0-4C754F19C7DF}.CarcassD|x86.ActiveCfg = DemoRelease|Win32
		{A431504D-AC75-4DD4-BAD0-4C754F19C7DF}.CarcassD|x86.Build.0 = DemoRelease|Win32
		{A431504D-AC75-4DD4-BAD0-4C754F19C7DF}.Debug_CII|x86.ActiveCfg = Debug|Win32
		{A431504D-AC75-4DD4-BAD0-4C754F19C7DF}.Debug_CII|x86.Build.0 = Debug|Win32
		{A431504D-AC75-4DD4-BAD0-4C754F19C7DF}.Debug|x86.ActiveCfg = Debug|Win32
		{A431504D-AC75-4DD4-BAD0-4C754F19C7DF}.Debug|x86.Build.0 = Debug|Win32
		{A431504D-AC75-4DD4-BAD0-4C754F19C7DF}.Debug9|x86.ActiveCfg = Debug|Win32
		{A431504D-AC75-4DD4-BAD0-4C754F19C7DF}.Debug9|x86.Build.0 = Debug|Win32
		{A431504D-AC75-4DD4-BAD0-4C754F19C7DF}.DebugMtd|x86.ActiveCfg = Debug|Win32
		{A431504D-AC75-4DD4-BAD0-4C754F19C7DF}.DebugMtd|x86.Build.0 = Debug|Win32
		{A431504D-AC75-4DD4-BAD0-4C754F19C7DF}.DemoRelease|x86.ActiveCfg = DemoRelease|Win32
		{A431504D-AC75-4DD4-BAD0-4C754F19C7DF}.DemoRelease|x86.Build.0 = DemoRelease|Win32
		{A431504D-AC75-4DD4-BAD0-4C754F19C7DF}.FastDebug CheckSync|x86.ActiveCfg = Debug|Win32
		{A431504D-AC75-4DD4-BAD0-4C754F19C7DF}.FastDebug CheckSync|x86.Build.0 = Debug|Win32
		{A431504D-AC75-4DD4-BAD0-4C754F19C7DF}.FastDebug_CheckSync|x86.ActiveCfg = Debug|Win32
		{A431504D-AC75-4DD4-BAD0-4C754F19C7DF}.FastDebug_CheckSync|x86.Build.0 = Debug|Win32
		{A431504D-AC75-4DD4-BAD0-4C754F19C7DF}.FastDebug|x86.ActiveCfg = Debug|Win32
		{A431504D-AC75-4DD4-BAD0-4C754F19C7DF}.FastDebug|x86.Build.0 = Debug|Win32
		{A431504D-AC75-4DD4-BAD0-4C754F19C7DF}.Intel|x86.ActiveCfg = DemoRelease|Win32
		{A431504D-AC75-4DD4-BAD0-4C754F19C7DF}.Intel|x86.Build.0 = DemoRelease|Win32
		{A431504D-AC75-4DD4-BAD0-4C754F19C7DF}.Profile|x86.ActiveCfg = DemoRelease|Win32
		{A431504D-AC75-4DD4-BAD0-4C754F19C7DF}.Profile|x86.Build.0 = DemoRelease|Win32
		{A431504D-AC75-4DD4-BAD0-4C754F19C7DF}.Release|x86.ActiveCfg = Release|Win32
		{A431504D-AC75-4DD4-BAD0-4C754F19C7DF}.Release|x86.Build.0 = Release|Win32
		{A431504D-AC75-4DD4-BAD0-4C754F19C7DF}.Release3D_fastDebug|x86.ActiveCfg = Release|Win32
		{A431504D-AC75-4DD4-BAD0-4C754F19C7DF}.Release3D_fastDebug|x86.Build.0 = Release|Win32
		{A431504D-AC75-4DD4-BAD0-4C754F19C7DF}.Release9|x86.ActiveCfg = Release|Win32
		{A431504D-AC75-4DD4-BAD0-4C754F19C7DF}.Release9|x86.Build.0 = Release|Win32
		{A431504D-AC75-4DD4-BAD0-4C754F19C7DF}.RemoteDebug|x86.ActiveCfg = RemoteDebugger|Win32
		{A431504D-AC75-4DD4-BAD0-4C754F19C7DF}.RemoteDebug|x86.Build.0 = RemoteDebugger|Win32
		{A431504D-AC75-4DD4-BAD0-4C754F19C7DF}.RemoteDebugger|x86.ActiveCfg = RemoteDebugger|Win32
		{A431504D-AC75-4DD4-BAD0-4C754F19C7DF}.RemoteDebugger|x86.Build.0 = RemoteDebugger|Win32
		{4FDABBCF-F95C-45E4-A860-99969316F319}.CarcassD|x86.ActiveCfg = DemoRelease|Win32
		{4FDABBCF-F95C-45E4-A860-99969316F319}.CarcassD|x86.Build.0 = DemoRelease|Win32
		{4FDABBCF-F95C-45E4-A860-99969316F319}.Debug_CII|x86.ActiveCfg = Debug_CII|Win32
		{4FDABBCF-F95C-45E4-A860-99969316F319}.Debug_CII|x86.Build.0 = Debug_CII|Win32
		{4FDABBCF-F95C-45E4-A860-99969316F319}.Debug|x86.ActiveCfg = Debug|Win32
		{4FDABBCF-F95C-45E4-A860-99969316F319}.Debug|x86.Build.0 = Debug|Win32
		{4FDABBCF-F95C-45E4-A860-99969316F319}.Debug9|x86.ActiveCfg = Debug_CII|Win32
		{4FDABBCF-F95C-45E4-A860-99969316F319}.Debug9|x86.Build.0 = Debug_CII|Win32
		{4FDABBCF-F95C-45E4-A860-99969316F319}.DebugMtd|x86.ActiveCfg = Debug_CII|Win32
		{4FDABBCF-F95C-45E4-A860-99969316F319}.DebugMtd|x86.Build.0 = Debug_CII|Win32
		{4FDABBCF-F95C-45E4-A860-99969316F319}.DemoRelease|x86.ActiveCfg = DemoRelease|Win32
		{4FDABBCF-F95C-45E4-A860-99969316F319}.DemoRelease|x86.Build.0 = DemoRelease|Win32
		{4FDABBCF-F95C-45E4-A860-99969316F319}.FastDebug CheckSync|x86.ActiveCfg = Debug|Win32
		{4FDABBCF-F95C-45E4-A860-99969316F319}.FastDebug CheckSync|x86.Build.0 = Debug|Win32
		{4FDABBCF-F95C-45E4-A860-99969316F319}.FastDebug_CheckSync|x86.ActiveCfg = Debug|Win32
		{4FDABBCF-F95C-45E4-A860-99969316F319}.FastDebug_CheckSync|x86.Build.0 = Debug|Win32
		{4FDABBCF-F95C-45E4-A860-99969316F319}.FastDebug|x86.ActiveCfg = Debug|Win32
		{4FDABBCF-F95C-45E4-A860-99969316F319}.FastDebug|x86.Build.0 = Debug|Win32
		{4FDABBCF-F95C-45E4-A860-99969316F319}.Intel|x86.ActiveCfg = DemoRelease|Win32
		{4FDABBCF-F95C-45E4-A860-99969316F319}.Intel|x86.Build.0 = DemoRelease|Win32
		{4FDABBCF-F95C-45E4-A860-99969316F319}.Profile|x86.ActiveCfg = DemoRelease|Win32
		{4FDABBCF-F95C-45E4-A860-99969316F319}.Profile|x86.Build.0 = DemoRelease|Win32
		{4FDABBCF-F95C-45E4-A860-99969316F319}.Release|x86.ActiveCfg = Release|Win32
		{4FDABBCF-F95C-45E4-A860-99969316F319}.Release|x86.Build.0 = Release|Win32
		{4FDABBCF-F95C-45E4-A860-99969316F319}.Release3D_fastDebug|x86.ActiveCfg = Release|Win32
		{4FDABBCF-F95C-45E4-A860-99969316F319}.Release3D_fastDebug|x86.Build.0 = Release|Win32
		{4FDABBCF-F95C-45E4-A860-99969316F319}.Release9|x86.ActiveCfg = Release|Win32
		{4FDABBCF-F95C-45E4-A860-99969316F319}.Release9|x86.Build.0 = Release|Win32
		{4FDABBCF-F95C-45E4-A860-99969316F319}.RemoteDebug|x86.ActiveCfg = RemoteDebugger|Win32
		{4FDABBCF-F95C-45E4-A860-99969316F319}.RemoteDebug|x86.Build.0 = RemoteDebugger|Win32
		{4FDABBCF-F95C-45E4-A860-99969316F319}.RemoteDebugger|x86.ActiveCfg = RemoteDebugger|Win32
		{4FDABBCF-F95C-45E4-A860-99969316F319}.RemoteDebugger|x86.Build.0 = RemoteDebugger|Win32
		{234939FB-CDCA-4C95-BEC4-D6B98DC4E24A}.CarcassD|x86.ActiveCfg = FastDebug CheckSync|Win32
		{234939FB-CDCA-4C95-BEC4-D6B98DC4E24A}.CarcassD|x86.Build.0 = FastDebug CheckSync|Win32
		{234939FB-CDCA-4C95-BEC4-D6B98DC4E24A}.Debug_CII|x86.ActiveCfg = Debug_CII|Win32
		{234939FB-CDCA-4C95-BEC4-D6B98DC4E24A}.Debug_CII|x86.Build.0 = Debug_CII|Win32
		{234939FB-CDCA-4C95-BEC4-D6B98DC4E24A}.Debug|x86.ActiveCfg = Debug|Win32
		{234939FB-CDCA-4C95-BEC4-D6B98DC4E24A}.Debug|x86.Build.0 = Debug|Win32
		{234939FB-CDCA-4C95-BEC4-D6B98DC4E24A}.Debug9|x86.ActiveCfg = Debug_CII|Win32
		{234939FB-CDCA-4C95-BEC4-D6B98DC4E24A}.Debug9|x86.Build.0 = Debug_CII|Win32
		{234939FB-CDCA-4C95-BEC4-D6B98DC4E24A}.DebugMtd|x86.ActiveCfg = Debug_CII|Win32
		{234939FB-CDCA-4C95-BEC4-D6B98DC4E24A}.DebugMtd|x86.Build.0 = Debug_CII|Win32
		{234939FB-CDCA-4C95-BEC4-D6B98DC4E24A}.DemoRelease|x86.ActiveCfg = DemoRelease|Win32
		{234939FB-CDCA-4C95-BEC4-D6B98DC4E24A}.DemoRelease|x86.Build.0 = DemoRelease|Win32
		{234939FB-CDCA-4C95-BEC4-D6B98DC4E24A}.FastDebug CheckSync|x86.ActiveCfg = FastDebug CheckSync|Win32
		{234939FB-CDCA-4C95-BEC4-D6B98DC4E24A}.FastDebug CheckSync|x86.Build.0 = FastDebug CheckSync|Win32
		{234939FB-CDCA-4C95-BEC4-D6B98DC4E24A}.FastDebug_CheckSync|x86.ActiveCfg = FastDebug CheckSync|Win32
		{234939FB-CDCA-4C95-BEC4-D6B98DC4E24A}.FastDebug_CheckSync|x86.Build.0 = FastDebug CheckSync|Win32
		{234939FB-CDCA-4C95-BEC4-D6B98DC4E24A}.FastDebug|x86.ActiveCfg = FastDebug CheckSync|Win32
		{234939FB-CDCA-4C95-BEC4-D6B98DC4E24A}.FastDebug|x86.Build.0 = FastDebug CheckSync|Win32
		{234939FB-CDCA-4C95-BEC4-D6B98DC4E24A}.Intel|x86.ActiveCfg = FastDebug CheckSync|Win32
		{234939FB-CDCA-4C95-BEC4-D6B98DC4E24A}.Intel|x86.Build.0 = FastDebug CheckSync|Win32
		{234939FB-CDCA-4C95-BEC4-D6B98DC4E24A}.Profile|x86.ActiveCfg = FastDebug CheckSync|Win32
		{234939FB-CDCA-4C95-BEC4-D6B98DC4E24A}.Profile|x86.Build.0 = FastDebug CheckSync|Win32
		{234939FB-CDCA-4C95-BEC4-D6B98DC4E24A}.Release|x86.ActiveCfg = Release|Win32
		{234939FB-CDCA-4C95-BEC4-D6B98DC4E24A}.Release|x86.Build.0 = Release|Win32
		{234939FB-CDCA-4C95-BEC4-D6B98DC4E24A}.Release3D_fastDebug|x86.ActiveCfg = Release|Win32
		{234939FB-CDCA-4C95-BEC4-D6B98DC4E24A}.Release3D_fastDebug|x86.Build.0 = Release|Win32
		{234939FB-CDCA-4C95-BEC4-D6B98DC4E24A}.Release9|x86.ActiveCfg = Release|Win32
		{234939FB-CDCA-4C95-BEC4-D6B98DC4E24A}.Release9|x86.Build.0 = Release|Win32
		{234939FB-CDCA-4C95-BEC4-D6B98DC4E24A}.RemoteDebug|x86.ActiveCfg = RemoteDebugger|Win32
		{234939FB-CDCA-4C95-BEC4-D6B98DC4E24A}.RemoteDebug|x86.Build.0 = RemoteDebugger|Win32
		{234939FB-CDCA-4C95-BEC4-D6B98DC4E24A}.RemoteDebugger|x86.ActiveCfg = RemoteDebugger|Win32
		{234939FB-CDCA-4C95-BEC4-D6B98DC4E24A}.RemoteDebugger|x86.Build.0 = RemoteDebugger|Win32
		{00E442FD-AD7F-4341-9114-70888528F53F}.CarcassD|x86.ActiveCfg = DemoRelease|Win32
		{00E442FD-AD7F-4341-9114-70888528F53F}.CarcassD|x86.Build.0 = DemoRelease|Win32
		{00E442FD-AD7F-4341-9114-70888528F53F}.Debug_CII|x86.ActiveCfg = Debug|Win32
		{00E442FD-AD7F-4341-9114-70888528F53F}.Debug_CII|x86.Build.0 = Debug|Win32
		{00E442FD-AD7F-4341-9114-70888528F53F}.Debug|x86.ActiveCfg = Debug|Win32
		{00E442FD-AD7F-4341-9114-70888528F53F}.Debug|x86.Build.0 = Debug|Win32
		{00E442FD-AD7F-4341-9114-70888528F53F}.Debug9|x86.ActiveCfg = Debug|Win32
		{00E442FD-AD7F-4341-9114-70888528F53F}.Debug9|x86.Build.0 = Debug|Win32
		{00E442FD-AD7F-4341-9114-70888528F53F}.DebugMtd|x86.ActiveCfg = Debug|Win32
		{00E442FD-AD7F-4341-9114-70888528F53F}.DebugMtd|x86.Build.0 = Debug|Win32
		{00E442FD-AD7F-4341-9114-70888528F53F}.DemoRelease|x86.ActiveCfg = DemoRelease|Win32
		{00E442FD-AD7F-4341-9114-70888528F53F}.DemoRelease|x86.Build.0 = DemoRelease|Win32
		{00E442FD-AD7F-4341-9114-70888528F53F}.FastDebug CheckSync|x86.ActiveCfg = Debug|Win32
		{00E442FD-AD7F-4341-9114-70888528F53F}.FastDebug CheckSync|x86.Build.0 = Debug|Win32
		{00E442FD-AD7F-4341-9114-70888528F53F}.FastDebug_CheckSync|x86.ActiveCfg = Debug|Win32
		{00E442FD-AD7F-4341-9114-70888528F53F}.FastDebug_CheckSync|x86.Build.0 = Debug|Win32
		{00E442FD-AD7F-4341-9114-70888528F53F}.FastDebug|x86.ActiveCfg = Debug|Win32
		{00E442FD-AD7F-4341-9114-70888528F53F}.FastDebug|x86.Build.0 = Debug|Win32
		{00E442FD-AD7F-4341-9114-70888528F53F}.Intel|x86.ActiveCfg = DemoRelease|Win32
		{00E442FD-AD7F-4341-9114-70888528F53F}.Intel|x86.Build.0 = DemoRelease|Win32
		{00E442FD-AD7F-4341-9114-70888528F53F}.Profile|x86.ActiveCfg = DemoRelease|Win32
		{00E442FD-AD7F-4341-9114-70888528F53F}.Profile|x86.Build.0 = DemoRelease|Win32
		{00E442FD-AD7F-4341-9114-70888528F53F}.Release|x86.ActiveCfg = Release|Win32
		{00E442FD-AD7F-4341-9114-70888528F53F}.Release|x86.Build.0 = Release|Win32
		{00E442FD-AD7F-4341-9114-70888528F53F}.Release3D_fastDebug|x86.ActiveCfg = Release3D_fastDebug|Win32
		{00E442FD-AD7F-4341-9114-70888528F53F}.Release3D_fastDebug|x86.Build.0 = Release3D_fastDebug|Win32
		{00E442FD-AD7F-4341-9114-70888528F53F}.Release9|x86.ActiveCfg = Release3D_fastDebug|Win32
		{00E442FD-AD7F-4341-9114-70888528F53F}.Release9|x86.Build.0 = Release3D_fastDebug|Win32
		{00E442FD-AD7F-4341-9114-70888528F53F}.RemoteDebug|x86.ActiveCfg = Debug|Win32
		{00E442FD-AD7F-4341-9114-70888528F53F}.RemoteDebug|x86.Build.0 = Debug|Win32
		{00E442FD-AD7F-4341-9114-70888528F53F}.RemoteDebugger|x86.ActiveCfg = Debug|Win32
		{00E442FD-AD7F-4341-9114-70888528F53F}.RemoteDebugger|x86.Build.0 = Debug|Win32
		{6462D7B5-AFAD-4EFC-8E12-F28F4C9301B1}.CarcassD|x86.ActiveCfg = DemoRelease|Win32
		{6462D7B5-AFAD-4EFC-8E12-F28F4C9301B1}.CarcassD|x86.Build.0 = DemoRelease|Win32
		{6462D7B5-AFAD-4EFC-8E12-F28F4C9301B1}.Debug_CII|x86.ActiveCfg = Debug_CII|Win32
		{6462D7B5-AFAD-4EFC-8E12-F28F4C9301B1}.Debug_CII|x86.Build.0 = Debug_CII|Win32
		{6462D7B5-AFAD-4EFC-8E12-F28F4C9301B1}.Debug|x86.ActiveCfg = Debug|Win32
		{6462D7B5-AFAD-4EFC-8E12-F28F4C9301B1}.Debug|x86.Build.0 = Debug|Win32
		{6462D7B5-AFAD-4EFC-8E12-F28F4C9301B1}.Debug9|x86.ActiveCfg = Debug_CII|Win32
		{6462D7B5-AFAD-4EFC-8E12-F28F4C9301B1}.Debug9|x86.Build.0 = Debug_CII|Win32
		{6462D7B5-AFAD-4EFC-8E12-F28F4C9301B1}.DebugMtd|x86.ActiveCfg = Debug_CII|Win32
		{6462D7B5-AFAD-4EFC-8E12-F28F4C9301B1}.DebugMtd|x86.Build.0 = Debug_CII|Win32
		{6462D7B5-AFAD-4EFC-8E12-F28F4C9301B1}.DemoRelease|x86.ActiveCfg = DemoRelease|Win32
		{6462D7B5-AFAD-4EFC-8E12-F28F4C9301B1}.DemoRelease|x86.Build.0 = DemoRelease|Win32
		{6462D7B5-AFAD-4EFC-8E12-F28F4C9301B1}.FastDebug CheckSync|x86.ActiveCfg = Debug|Win32
		{6462D7B5-AFAD-4EFC-8E12-F28F4C9301B1}.FastDebug CheckSync|x86.Build.0 = Debug|Win32
		{6462D7B5-AFAD-4EFC-8E12-F28F4C9301B1}.FastDebug_CheckSync|x86.ActiveCfg = Debug|Win32
		{6462D7B5-AFAD-4EFC-8E12-F28F4C9301B1}.FastDebug_CheckSync|x86.Build.0 = Debug|Win32
		{6462D7B5-AFAD-4EFC-8E12-F28F4C9301B1}.FastDebug|x86.ActiveCfg = Debug|Win32
		{6462D7B5-AFAD-4EFC-8E12-F28F4C9301B1}.FastDebug|x86.Build.0 = Debug|Win32
		{6462D7B5-AFAD-4EFC-8E12-F28F4C9301B1}.Intel|x86.ActiveCfg = DemoRelease|Win32
		{6462D7B5-AFAD-4EFC-8E12-F28F4C9301B1}.Intel|x86.Build.0 = DemoRelease|Win32
		{6462D7B5-AFAD-4EFC-8E12-F28F4C9301B1}.Profile|x86.ActiveCfg = DemoRelease|Win32
		{6462D7B5-AFAD-4EFC-8E12-F28F4C9301B1}.Profile|x86.Build.0 = DemoRelease|Win32
		{6462D7B5-AFAD-4EFC-8E12-F28F4C9301B1}.Release|x86.ActiveCfg = Release|Win32
		{6462D7B5-AFAD-4EFC-8E12-F28F4C9301B1}.Release|x86.Build.0 = Release|Win32
		{6462D7B5-AFAD-4EFC-8E12-F28F4C9301B1}.Release3D_fastDebug|x86.ActiveCfg = Release3D_fastDebug|Win32
		{6462D7B5-AFAD-4EFC-8E12-F28F4C9301B1}.Release3D_fastDebug|x86.Build.0 = Release3D_fastDebug|Win32
		{6462D7B5-AFAD-4EFC-8E12-F28F4C9301B1}.Release9|x86.ActiveCfg = Release3D_fastDebug|Win32
		{6462D7B5-AFAD-4EFC-8E12-F28F4C9301B1}.Release9|x86.Build.0 = Release3D_fastDebug|Win32
		{6462D7B5-AFAD-4EFC-8E12-F28F4C9301B1}.RemoteDebug|x86.ActiveCfg = RemoteDebugger|Win32
		{6462D7B5-AFAD-4EFC-8E12-F28F4C9301B1}.RemoteDebug|x86.Build.0 = RemoteDebugger|Win32
		{6462D7B5-AFAD-4EFC-8E12-F28F4C9301B1}.RemoteDebugger|x86.ActiveCfg = RemoteDebugger|Win32
		{6462D7B5-AFAD-4EFC-8E12-F28F4C9301B1}.RemoteDebugger|x86.Build.0 = RemoteDebugger|Win32
		{84FAD02B-1578-4151-8712-CC34C80A045D}.CarcassD|x86.ActiveCfg = Release|Win32
		{84FAD02B-1578-4151-8712-CC34C80A045D}.CarcassD|x86.Build.0 = Release|Win32
		{84FAD02B-1578-4151-8712-CC34C80A045D}.Debug_CII|x86.ActiveCfg = Debug|Win32
		{84FAD02B-1578-4151-8712-CC34C80A045D}.Debug_CII|x86.Build.0 = Debug|Win32
		{84FAD02B-1578-4151-8712-CC34C80A045D}.Debug|x86.ActiveCfg = Debug|Win32
		{84FAD02B-1578-4151-8712-CC34C80A045D}.Debug|x86.Build.0 = Debug|Win32
		{84FAD02B-1578-4151-8712-CC34C80A045D}.Debug9|x86.ActiveCfg = Debug|Win32
		{84FAD02B-1578-4151-8712-CC34C80A045D}.Debug9|x86.Build.0 = Debug|Win32
		{84FAD02B-1578-4151-8712-CC34C80A045D}.DebugMtd|x86.ActiveCfg = Debug|Win32
		{84FAD02B-1578-4151-8712-CC34C80A045D}.DebugMtd|x86.Build.0 = Debug|Win32
		{84FAD02B-1578-4151-8712-CC34C80A045D}.DemoRelease|x86.ActiveCfg = Release|Win32
		{84FAD02B-1578-4151-8712-CC34C80A045D}.DemoRelease|x86.Build.0 = Release|Win32
		{84FAD02B-1578-4151-8712-CC34C80A045D}.FastDebug CheckSync|x86.ActiveCfg = Debug|Win32
		{84FAD02B-1578-4151-8712-CC34C80A045D}.FastDebug CheckSync|x86.Build.0 = Debug|Win32
		{84FAD02B-1578-4151-8712-CC34C80A045D}.FastDebug_CheckSync|x86.ActiveCfg = Debug|Win32
		{84FAD02B-1578-4151-8712-CC34C80A045D}.FastDebug_CheckSync|x86.Build.0 = Debug|Win32
		{84FAD02B-1578-4151-8712-CC34C80A045D}.FastDebug|x86.ActiveCfg = Debug|Win32
		{84FAD02B-1578-4151-8712-CC34C80A045D}.FastDebug|x86.Build.0 = Debug|Win32
		{84FAD02B-1578-4151-8712-CC34C80A045D}.Intel|x86.ActiveCfg = Release|Win32
		{84FAD02B-1578-4151-8712-CC34C80A045D}.Intel|x86.Build.0 = Release|Win32
		{84FAD02B-1578-4151-8712-CC34C80A045D}.Profile|x86.ActiveCfg = Release|Win32
		{84FAD02B-1578-4151-8712-CC34C80A045D}.Profile|x86.Build.0 = Release|Win32
		{84FAD02B-1578-4151-8712-CC34C80A045D}.Release|x86.ActiveCfg = Release|Win32
		{84FAD02B-1578-4151-8712-CC34C80A045D}.Release|x86.Build.0 = Release|Win32
		{84FAD02B-1578-4151-8712-CC34C80A045D}.Release3D_fastDebug|x86.ActiveCfg = Release|Win32
		{84FAD02B-1578-4151-8712-CC34C80A045D}.Release3D_fastDebug|x86.Build.0 = Release|Win32
		{84FAD02B-1578-4151-8712-CC34C80A045D}.Release9|x86.ActiveCfg = Release|Win32
		{84FAD02B-1578-4151-8712-CC34C80A045D}.Release9|x86.Build.0 = Release|Win32
		{84FAD02B-1578-4151-8712-CC34C80A045D}.RemoteDebug|x86.ActiveCfg = Debug|Win32
		{84FAD02B-1578-4151-8712-CC34C80A045D}.RemoteDebug|x86.Build.0 = Debug|Win32
		{84FAD02B-1578-4151-8712-CC34C80A045D}.RemoteDebugger|x86.ActiveCfg = Debug|Win32
		{84FAD02B-1578-4151-8712-CC34C80A045D}.RemoteDebugger|x86.Build.0 = Debug|Win32
		{DCCFEBA8-32F5-4B9C-1239-C149EA56746F}.CarcassD|x86.ActiveCfg = Release|Win32
		{DCCFEBA8-32F5-4B9C-1239-C149EA56746F}.CarcassD|x86.Build.0 = Release|Win32
		{DCCFEBA8-32F5-4B9C-1239-C149EA56746F}.Debug_CII|x86.ActiveCfg = Debug|Win32
		{DCCFEBA8-32F5-4B9C-1239-C149EA56746F}.Debug_CII|x86.Build.0 = Debug|Win32
		{DCCFEBA8-32F5-4B9C-1239-C149EA56746F}.Debug|x86.ActiveCfg = Debug|Win32
		{DCCFEBA8-32F5-4B9C-1239-C149EA56746F}.Debug|x86.Build.0 = Debug|Win32
		{DCCFEBA8-32F5-4B9C-1239-C149EA56746F}.Debug9|x86.ActiveCfg = Debug|Win32
		{DCCFEBA8-32F5-4B9C-1239-C149EA56746F}.Debug9|x86.Build.0 = Debug|Win32
		{DCCFEBA8-32F5-4B9C-1239-C149EA56746F}.DebugMtd|x86.ActiveCfg = Debug|Win32
		{DCCFEBA8-32F5-4B9C-1239-C149EA56746F}.DebugMtd|x86.Build.0 = Debug|Win32
		{DCCFEBA8-32F5-4B9C-1239-C149EA56746F}.DemoRelease|x86.ActiveCfg = Release|Win32
		{DCCFEBA8-32F5-4B9C-1239-C149EA56746F}.DemoRelease|x86.Build.0 = Release|Win32
		{DCCFEBA8-32F5-4B9C-1239-C149EA56746F}.FastDebug CheckSync|x86.ActiveCfg = Debug|Win32
		{DCCFEBA8-32F5-4B9C-1239-C149EA56746F}.FastDebug CheckSync|x86.Build.0 = Debug|Win32
		{DCCFEBA8-32F5-4B9C-1239-C149EA56746F}.FastDebug_CheckSync|x86.ActiveCfg = Debug|Win32
		{DCCFEBA8-32F5-4B9C-1239-C149EA56746F}.FastDebug_CheckSync|x86.Build.0 = Debug|Win32
		{DCCFEBA8-32F5-4B9C-1239-C149EA56746F}.FastDebug|x86.ActiveCfg = Debug|Win32
		{DCCFEBA8-32F5-4B9C-1239-C149EA56746F}.FastDebug|x86.Build.0 = Debug|Win32
		{DCCFEBA8-32F5-4B9C-1239-C149EA56746F}.Intel|x86.ActiveCfg = Release|Win32
		{DCCFEBA8-32F5-4B9C-1239-C149EA56746F}.Intel|x86.Build.0 = Release|Win32
		{DCCFEBA8-32F5-4B9C-1239-C149EA56746F}.Profile|x86.ActiveCfg = Release|Win32
		{DCCFEBA8-32F5-4B9C-1239-C149EA56746F}.Profile|x86.Build.0 = Release|Win32
		{DCCFEBA8-32F5-4B9C-1239-C149EA56746F}.Release|x86.ActiveCfg = Release|Win32
		{DCCFEBA8-32F5-4B9C-1239-C149EA56746F}.Release|x86.Build.0 = Release|Win32
		{DCCFEBA8-32F5-4B9C-1239-C149EA56746F}.Release3D_fastDebug|x86.ActiveCfg = Release|Win32
		{DCCFEBA8-32F5-4B9C-1239-C149EA56746F}.Release3D_fastDebug|x86.Build.0 = Release|Win32
		{DCCFEBA8-32F5-4B9C-1239-C149EA56746F}.Release9|x86.ActiveCfg = Release|Win32
		{DCCFEBA8-32F5-4B9C-1239-C149EA56746F}.Release9|x86.Build.0 = Release|Win32
		{DCCFEBA8-32F5-4B9C-1239-C149EA56746F}.RemoteDebug|x86.ActiveCfg = Debug|Win32
		{DCCFEBA8-32F5-4B9C-1239-C149EA56746F}.RemoteDebug|x86.Build.0 = Debug|Win32
		{DCCFEBA8-32F5-4B9C-1239-C149EA56746F}.RemoteDebugger|x86.ActiveCfg = Debug|Win32
		{DCCFEBA8-32F5-4B9C-1239-C149EA56746F}.RemoteDebugger|x86.Build.0 = Debug|Win32
	EndGlobalSection
	GlobalSection(SolutionProperties) = preSolution
		HideSolutionNode = FALSE
	EndGlobalSection
	GlobalSection(ExtensibilityGlobals) = postSolution
		SolutionGuid = {E94121B3-0A30-47C7-AD3A-33361D980B65}
	EndGlobalSection
	GlobalSection(DPCodeReviewSolutionGUID) = preSolution
		DPCodeReviewSolutionGUID = {00000000-0000-0000-0000-000000000000}
	EndGlobalSection
	GlobalSection(DevPartner Solution Properties) = postSolution
	EndGlobalSection
	GlobalSection(DevPartner) = postSolution
	EndGlobalSection
	GlobalSection(DevPartner) = postSolution
	EndGlobalSection
	GlobalSection(DevPartner) = postSolution
	EndGlobalSection
	GlobalSection(DevPartner) = postSolution
	EndGlobalSection
	GlobalSection(DevPartner) = postSolution
	EndGlobalSection
	GlobalSection(DevPartner) = postSolution
	EndGlobalSection
EndGlobal
