<?xml version="1.0" encoding="utf-8"?>
<Project ToolsVersion="4.0" xmlns="http://schemas.microsoft.com/developer/msbuild/2003">
  <ItemGroup>
    <Filter Include="Source Files">
      <UniqueIdentifier>{9d7ee6ca-cf14-47f9-8e40-713b736b4c4f}</UniqueIdentifier>
      <Extensions>cpp;c;cxx;def;odl;idl;hpj;bat;asm</Extensions>
    </Filter>
    <Filter Include="Header Files">
      <UniqueIdentifier>{80491c76-1ea3-4f71-acbb-0ed477e616f9}</UniqueIdentifier>
      <Extensions>h;hpp;hxx;hm;inl;inc</Extensions>
    </Filter>
    <Filter Include="Resource Files">
      <UniqueIdentifier>{316d4a88-0e7e-4a40-aeee-1600eeafc6c7}</UniqueIdentifier>
      <Extensions>rc;ico;cur;bmp;dlg;rc2;rct;bin;rgs;gif;jpg;jpeg;jpe</Extensions>
    </Filter>
  </ItemGroup>
  <ItemGroup>
    <ClInclude Include="ClassEngine.hpp">
      <Filter>Source Files</Filter>
    </ClInclude>
    <ClInclude Include="ClassEngine.h">
      <Filter>Header Files</Filter>
    </ClInclude>
    <ClInclude Include="ClassPresentation.h">
      <Filter>Header Files</Filter>
    </ClInclude>
    <ClInclude Include="ClassPresentation.hpp">
      <Filter>Header Files</Filter>
    </ClInclude>
    <ClInclude Include="ClassSolution.h">
      <Filter>Header Files</Filter>
    </ClInclude>
    <ClInclude Include="DString.h">
      <Filter>Header Files</Filter>
    </ClInclude>
    <ClInclude Include="DString.hpp">
      <Filter>Header Files</Filter>
    </ClInclude>
    <ClInclude Include="dynarray.h">
      <Filter>Header Files</Filter>
    </ClInclude>
    <ClInclude Include="more_types.h">
      <Filter>Header Files</Filter>
    </ClInclude>
    <ClInclude Include="pool.h">
      <Filter>Header Files</Filter>
    </ClInclude>
    <ClInclude Include="pool.hpp">
      <Filter>Header Files</Filter>
    </ClInclude>
    <ClInclude Include="Resfile.h">
      <Filter>Header Files</Filter>
    </ClInclude>
    <ClInclude Include="StrHash.h">
      <Filter>Header Files</Filter>
    </ClInclude>
    <ClInclude Include="xmlQuote.h">
      <Filter>Header Files</Filter>
    </ClInclude>
    <ClInclude Include="xmlQuote.hpp">
      <Filter>Header Files</Filter>
    </ClInclude>
  </ItemGroup>
  <ItemGroup>
    <ClCompile Include="Resfile.cpp">
      <Filter>Source Files</Filter>
    </ClCompile>
    <ClCompile Include="sample.cpp">
      <Filter>Source Files</Filter>
    </ClCompile>
  </ItemGroup>
</Project>