<?xml version="1.0" encoding="utf-8"?>
<Project ToolsVersion="4.0" xmlns="http://schemas.microsoft.com/developer/msbuild/2003">
  <ItemGroup>
    <Filter Include="Source Files">
      <UniqueIdentifier>{4FC737F1-C7A5-4376-A066-2A32D752A2FF}</UniqueIdentifier>
      <Extensions>cpp;c;cxx;def;odl;idl;hpj;bat;asm;asmx</Extensions>
    </Filter>
    <Filter Include="Source Files\Functions">
      <UniqueIdentifier>{caad0196-4216-4dfb-8115-568c24073b1e}</UniqueIdentifier>
    </Filter>
    <Filter Include="Source Files\FSM">
      <UniqueIdentifier>{99cdc649-3e2b-4752-accb-52cd65f5dea3}</UniqueIdentifier>
    </Filter>
    <Filter Include="Header Files">
      <UniqueIdentifier>{93995380-89BD-4b04-88EB-625FBE52EBFB}</UniqueIdentifier>
      <Extensions>h;hpp;hxx;hm;inl;inc;xsd</Extensions>
    </Filter>
    <Filter Include="Header Files\Functions">
      <UniqueIdentifier>{13a81e85-09b6-48b5-aa5e-532ddfcbd604}</UniqueIdentifier>
    </Filter>
    <Filter Include="Header Files\FSM">
      <UniqueIdentifier>{84724db1-3366-4421-8291-6d75233c5911}</UniqueIdentifier>
    </Filter>
  </ItemGroup>
  <ItemGroup>
    <ClCompile Include="BattleEditor.cpp">
      <Filter>Source Files</Filter>
    </ClCompile>
    <ClCompile Include="Helper.cpp">
      <Filter>Source Files</Filter>
    </ClCompile>
    <ClCompile Include="stdafx.cpp">
      <Filter>Source Files</Filter>
    </ClCompile>
    <ClCompile Include="expFN_Ability.cpp">
      <Filter>Source Files\Functions</Filter>
    </ClCompile>
    <ClCompile Include="expFN_Get.cpp">
      <Filter>Source Files\Functions</Filter>
    </ClCompile>
    <ClCompile Include="expFN_Group.cpp">
      <Filter>Source Files\Functions</Filter>
    </ClCompile>
    <ClCompile Include="expFN_Mission.cpp">
      <Filter>Source Files\Functions</Filter>
    </ClCompile>
    <ClCompile Include="expFN_Node.cpp">
      <Filter>Source Files\Functions</Filter>
    </ClCompile>
    <ClCompile Include="expFN_Set.cpp">
      <Filter>Source Files\Functions</Filter>
    </ClCompile>
    <ClCompile Include="expFN_Text.cpp">
      <Filter>Source Files\Functions</Filter>
    </ClCompile>
    <ClCompile Include="fsm_Attack.cpp">
      <Filter>Source Files\FSM</Filter>
    </ClCompile>
    <ClCompile Include="fsm_Dialog.cpp">
      <Filter>Source Files\FSM</Filter>
    </ClCompile>
    <ClCompile Include="fsm_Guard.cpp">
      <Filter>Source Files\FSM</Filter>
    </ClCompile>
    <ClCompile Include="fsm_Produce.cpp">
      <Filter>Source Files\FSM</Filter>
    </ClCompile>
    <ClCompile Include="fsm_Saboteur.cpp">
      <Filter>Source Files\FSM</Filter>
    </ClCompile>
    <ClCompile Include="fsm_States.cpp">
      <Filter>Source Files\FSM</Filter>
    </ClCompile>
  </ItemGroup>
  <ItemGroup>
    <ClInclude Include="Helper.h">
      <Filter>Header Files</Filter>
    </ClInclude>
    <ClInclude Include="Macros.h">
      <Filter>Header Files</Filter>
    </ClInclude>
    <ClInclude Include="stdafx.h">
      <Filter>Header Files</Filter>
    </ClInclude>
    <ClInclude Include="expFN_Ability.h">
      <Filter>Header Files\Functions</Filter>
    </ClInclude>
    <ClInclude Include="expFN_Get.h">
      <Filter>Header Files\Functions</Filter>
    </ClInclude>
    <ClInclude Include="expFN_Group.h">
      <Filter>Header Files\Functions</Filter>
    </ClInclude>
    <ClInclude Include="expFN_Mission.h">
      <Filter>Header Files\Functions</Filter>
    </ClInclude>
    <ClInclude Include="expFN_Node.h">
      <Filter>Header Files\Functions</Filter>
    </ClInclude>
    <ClInclude Include="expFN_Set.h">
      <Filter>Header Files\Functions</Filter>
    </ClInclude>
    <ClInclude Include="expFN_Text.h">
      <Filter>Header Files\Functions</Filter>
    </ClInclude>
    <ClInclude Include="fsm_Attack.h">
      <Filter>Header Files\FSM</Filter>
    </ClInclude>
    <ClInclude Include="fsm_Dialog.h">
      <Filter>Header Files\FSM</Filter>
    </ClInclude>
    <ClInclude Include="fsm_Guard.h">
      <Filter>Header Files\FSM</Filter>
    </ClInclude>
    <ClInclude Include="fsm_Produce.h">
      <Filter>Header Files\FSM</Filter>
    </ClInclude>
    <ClInclude Include="fsm_Saboteur.h">
      <Filter>Header Files\FSM</Filter>
    </ClInclude>
    <ClInclude Include="fsm_States.h">
      <Filter>Header Files\FSM</Filter>
    </ClInclude>
  </ItemGroup>
</Project>