<?xml version="1.0" encoding="utf-8"?>
<Project ToolsVersion="4.0" xmlns="http://schemas.microsoft.com/developer/msbuild/2003">
  <ItemGroup>
    <Filter Include="Source Files">
      <UniqueIdentifier>{be8092d9-897a-4711-a85b-d1f7f4bab52c}</UniqueIdentifier>
      <Extensions>cpp;c;cxx;rc;def;r;odl;idl;hpj;bat</Extensions>
    </Filter>
    <Filter Include="Header Files">
      <UniqueIdentifier>{50a1fb7e-26fc-422a-91f2-8de92cbf44cb}</UniqueIdentifier>
      <Extensions>h;hpp;hxx;hm;inl</Extensions>
    </Filter>
    <Filter Include="Resource Files">
      <UniqueIdentifier>{d26a9004-37a9-4de1-a733-85fba2160655}</UniqueIdentifier>
      <Extensions>ico;cur;bmp;dlg;rc2;rct;bin;rgs;gif;jpg;jpeg;jpe</Extensions>
    </Filter>
  </ItemGroup>
  <ItemGroup>
    <ClCompile Include="Bmptool.cpp">
      <Filter>Source Files</Filter>
    </ClCompile>
    <ClCompile Include="DataXchange.cpp">
      <Filter>Source Files</Filter>
    </ClCompile>
    <ClCompile Include="DString.cpp">
      <Filter>Source Files</Filter>
    </ClCompile>
    <ClCompile Include="Explore.cpp">
      <Filter>Source Files</Filter>
    </ClCompile>
    <ClCompile Include="FnDefine.cpp">
      <Filter>Source Files</Filter>
    </ClCompile>
    <ClCompile Include="GameOnMap.cpp">
      <Filter>Source Files</Filter>
    </ClCompile>
    <ClCompile Include="IntExplorer.cpp">
      <Filter>Source Files</Filter>
    </ClCompile>
    <ClCompile Include="ParseRQ.cpp">
      <Filter>Source Files</Filter>
    </ClCompile>
    <ClCompile Include="PingEngine.cpp">
      <Filter>Source Files</Filter>
    </ClCompile>
    <ClCompile Include="StdAfx.cpp">
      <Filter>Source Files</Filter>
    </ClCompile>
  </ItemGroup>
  <ItemGroup>
    <ClInclude Include="Bmptool.h">
      <Filter>Header Files</Filter>
    </ClInclude>
    <ClInclude Include="DString.h">
      <Filter>Header Files</Filter>
    </ClInclude>
    <ClInclude Include="GameOnMap.h">
      <Filter>Header Files</Filter>
    </ClInclude>
    <ClInclude Include="IntExplorer.h">
      <Filter>Header Files</Filter>
    </ClInclude>
    <ClInclude Include="ParseRQ.h">
      <Filter>Header Files</Filter>
    </ClInclude>
    <ClInclude Include="StdAfx.h">
      <Filter>Header Files</Filter>
    </ClInclude>
  </ItemGroup>
</Project>